// !$*UTF8*$!
{
	archiveVersion = 1;
	classes = {
	};
	objectVersion = 46;
	objects = {

/* Begin PBXBuildFile section */
		112BD1BAC0C72FBCEAEBF666 /* Pods_MBALib.framework in Frameworks */ = {isa = PBXBuildFile; fileRef = 908A4208DCE8C016981DC46D /* Pods_MBALib.framework */; };
		58742F6C1EFA6E6000920E21 /* main.m in Sources */ = {isa = PBXBuildFile; fileRef = 58742F6B1EFA6E6000920E21 /* main.m */; };
		58742F6F1EFA6E6000920E21 /* AppDelegate.m in Sources */ = {isa = PBXBuildFile; fileRef = 58742F6E1EFA6E6000920E21 /* AppDelegate.m */; };
		58742F721EFA6E6000920E21 /* ViewController.m in Sources */ = {isa = PBXBuildFile; fileRef = 58742F711EFA6E6000920E21 /* ViewController.m */; };
		58742F751EFA6E6000920E21 /* Main.storyboard in Resources */ = {isa = PBXBuildFile; fileRef = 58742F731EFA6E6000920E21 /* Main.storyboard */; };
		58742F771EFA6E6000920E21 /* Assets.xcassets in Resources */ = {isa = PBXBuildFile; fileRef = 58742F761EFA6E6000920E21 /* Assets.xcassets */; };
		58742F7A1EFA6E6000920E21 /* LaunchScreen.storyboard in Resources */ = {isa = PBXBuildFile; fileRef = 58742F781EFA6E6000920E21 /* LaunchScreen.storyboard */; };
		5874301D1EFA6F1600920E21 /* NSArray+Helper.m in Sources */ = {isa = PBXBuildFile; fileRef = 58742F9D1EFA6F1600920E21 /* NSArray+Helper.m */; };
		5874301E1EFA6F1600920E21 /* NSArray+YYAdd.m in Sources */ = {isa = PBXBuildFile; fileRef = 58742F9F1EFA6F1600920E21 /* NSArray+YYAdd.m */; };
		5874301F1EFA6F1600920E21 /* NSMutableArray+Helper.m in Sources */ = {isa = PBXBuildFile; fileRef = 58742FA11EFA6F1600920E21 /* NSMutableArray+Helper.m */; };
		587430201EFA6F1600920E21 /* NSData+YYAdd.m in Sources */ = {isa = PBXBuildFile; fileRef = 58742FA41EFA6F1600920E21 /* NSData+YYAdd.m */; };
		587430211EFA6F1600920E21 /* NSDate+YYAdd.m in Sources */ = {isa = PBXBuildFile; fileRef = 58742FA71EFA6F1600920E21 /* NSDate+YYAdd.m */; };
		587430221EFA6F1600920E21 /* NSDictionary+Helper.m in Sources */ = {isa = PBXBuildFile; fileRef = 58742FAA1EFA6F1600920E21 /* NSDictionary+Helper.m */; };
		587430231EFA6F1600920E21 /* NSDictionary+YYAdd.m in Sources */ = {isa = PBXBuildFile; fileRef = 58742FAC1EFA6F1600920E21 /* NSDictionary+YYAdd.m */; };
		587430241EFA6F1600920E21 /* NSMutableDictionary+Helper.m in Sources */ = {isa = PBXBuildFile; fileRef = 58742FAE1EFA6F1600920E21 /* NSMutableDictionary+Helper.m */; };
		587430251EFA6F1600920E21 /* NSFileManager+YYAdd.m in Sources */ = {isa = PBXBuildFile; fileRef = 58742FB11EFA6F1600920E21 /* NSFileManager+YYAdd.m */; };
		587430261EFA6F1600920E21 /* NSIndexSet+Helper.m in Sources */ = {isa = PBXBuildFile; fileRef = 58742FB41EFA6F1600920E21 /* NSIndexSet+Helper.m */; };
		587430271EFA6F1600920E21 /* NSMutableIndexSet+Helper.m in Sources */ = {isa = PBXBuildFile; fileRef = 58742FB61EFA6F1600920E21 /* NSMutableIndexSet+Helper.m */; };
		587430281EFA6F1600920E21 /* NSInvocation+Helper.m in Sources */ = {isa = PBXBuildFile; fileRef = 58742FB91EFA6F1600920E21 /* NSInvocation+Helper.m */; };
		587430291EFA6F1600920E21 /* NSNotificationCenter+YYAdd.m in Sources */ = {isa = PBXBuildFile; fileRef = 58742FBC1EFA6F1600920E21 /* NSNotificationCenter+YYAdd.m */; };
		5874302A1EFA6F1600920E21 /* NSNumber+YYAdd.m in Sources */ = {isa = PBXBuildFile; fileRef = 58742FBF1EFA6F1600920E21 /* NSNumber+YYAdd.m */; };
		5874302B1EFA6F1600920E21 /* NSObject+AssociatedHelper.m in Sources */ = {isa = PBXBuildFile; fileRef = 58742FC21EFA6F1600920E21 /* NSObject+AssociatedHelper.m */; };
		5874302C1EFA6F1600920E21 /* NSObject+ExecutionHelper.m in Sources */ = {isa = PBXBuildFile; fileRef = 58742FC41EFA6F1600920E21 /* NSObject+ExecutionHelper.m */; };
		5874302D1EFA6F1600920E21 /* NSObject+LogDealloc.m in Sources */ = {isa = PBXBuildFile; fileRef = 58742FC61EFA6F1600920E21 /* NSObject+LogDealloc.m */; };
		5874302E1EFA6F1600920E21 /* NSObject+ObservationHelper.m in Sources */ = {isa = PBXBuildFile; fileRef = 58742FC81EFA6F1600920E21 /* NSObject+ObservationHelper.m */; };
		5874302F1EFA6F1600920E21 /* NSObject+YYAdd.m in Sources */ = {isa = PBXBuildFile; fileRef = 58742FCA1EFA6F1600920E21 /* NSObject+YYAdd.m */; };
		587430301EFA6F1600920E21 /* NSMutableOrderedSet+Helper.m in Sources */ = {isa = PBXBuildFile; fileRef = 58742FCD1EFA6F1600920E21 /* NSMutableOrderedSet+Helper.m */; };
		587430311EFA6F1600920E21 /* NSOrderedSet+Helper.m in Sources */ = {isa = PBXBuildFile; fileRef = 58742FCF1EFA6F1600920E21 /* NSOrderedSet+Helper.m */; };
		587430321EFA6F1600920E21 /* NSMutableSet+Helper.m in Sources */ = {isa = PBXBuildFile; fileRef = 58742FD21EFA6F1600920E21 /* NSMutableSet+Helper.m */; };
		587430331EFA6F1600920E21 /* NSSet+YYAdd.m in Sources */ = {isa = PBXBuildFile; fileRef = 58742FD41EFA6F1600920E21 /* NSSet+YYAdd.m */; };
		587430341EFA6F1600920E21 /* NSString+DataDetector.m in Sources */ = {isa = PBXBuildFile; fileRef = 58742FD71EFA6F1600920E21 /* NSString+DataDetector.m */; };
		587430351EFA6F1600920E21 /* NSString+Helper.m in Sources */ = {isa = PBXBuildFile; fileRef = 58742FD91EFA6F1600920E21 /* NSString+Helper.m */; };
		587430361EFA6F1600920E21 /* NSString+YYAdd.m in Sources */ = {isa = PBXBuildFile; fileRef = 58742FDB1EFA6F1600920E21 /* NSString+YYAdd.m */; };
		587430371EFA6F1600920E21 /* NSTimer+YYAdd.m in Sources */ = {isa = PBXBuildFile; fileRef = 58742FDE1EFA6F1600920E21 /* NSTimer+YYAdd.m */; };
		587430381EFA6F1600920E21 /* NSURL+YYAdd.m in Sources */ = {isa = PBXBuildFile; fileRef = 58742FE11EFA6F1600920E21 /* NSURL+YYAdd.m */; };
		587430391EFA6F1600920E21 /* MBProgressHUD+YYAdd.m in Sources */ = {isa = PBXBuildFile; fileRef = 58742FE51EFA6F1600920E21 /* MBProgressHUD+YYAdd.m */; };
		5874303A1EFA6F1600920E21 /* MBProgressHUD.bundle in Resources */ = {isa = PBXBuildFile; fileRef = 58742FE61EFA6F1600920E21 /* MBProgressHUD.bundle */; };
		5874303B1EFA6F1600920E21 /* ALActionBlockWrapper.m in Sources */ = {isa = PBXBuildFile; fileRef = 58742FEA1EFA6F1600920E21 /* ALActionBlockWrapper.m */; };
		5874303C1EFA6F1600920E21 /* UIApplication+YYAdd.m in Sources */ = {isa = PBXBuildFile; fileRef = 58742FED1EFA6F1600920E21 /* UIApplication+YYAdd.m */; };
		5874303D1EFA6F1600920E21 /* UIBarButtonItem+YYAdd.m in Sources */ = {isa = PBXBuildFile; fileRef = 58742FF01EFA6F1600920E21 /* UIBarButtonItem+YYAdd.m */; };
		5874303E1EFA6F1600920E21 /* GColor.bundle in Resources */ = {isa = PBXBuildFile; fileRef = 58742FF21EFA6F1600920E21 /* GColor.bundle */; };
		5874303F1EFA6F1600920E21 /* UIColor+YYAdd.m in Sources */ = {isa = PBXBuildFile; fileRef = 58742FF41EFA6F1600920E21 /* UIColor+YYAdd.m */; };
		587430401EFA6F1600920E21 /* UIControl+YYAdd.m in Sources */ = {isa = PBXBuildFile; fileRef = 58742FF71EFA6F1600920E21 /* UIControl+YYAdd.m */; };
		587430411EFA6F1600920E21 /* UIDevice+YYAdd.m in Sources */ = {isa = PBXBuildFile; fileRef = 58742FFA1EFA6F1600920E21 /* UIDevice+YYAdd.m */; };
		587430421EFA6F1600920E21 /* UIGestureRecognizer+YYAdd.m in Sources */ = {isa = PBXBuildFile; fileRef = 58742FFD1EFA6F1600920E21 /* UIGestureRecognizer+YYAdd.m */; };
		587430431EFA6F1600920E21 /* UIImage+YYAdd.m in Sources */ = {isa = PBXBuildFile; fileRef = 587430001EFA6F1600920E21 /* UIImage+YYAdd.m */; };
		587430441EFA6F1600920E21 /* UILabel+YYAdd.m in Sources */ = {isa = PBXBuildFile; fileRef = 587430031EFA6F1600920E21 /* UILabel+YYAdd.m */; };
		587430451EFA6F1600920E21 /* UIScreen+YYAdd.m in Sources */ = {isa = PBXBuildFile; fileRef = 587430061EFA6F1600920E21 /* UIScreen+YYAdd.m */; };
		587430461EFA6F1600920E21 /* UIScrollView+YYAdd.m in Sources */ = {isa = PBXBuildFile; fileRef = 587430091EFA6F1600920E21 /* UIScrollView+YYAdd.m */; };
		587430471EFA6F1600920E21 /* UITableView+YYAdd.m in Sources */ = {isa = PBXBuildFile; fileRef = 5874300C1EFA6F1600920E21 /* UITableView+YYAdd.m */; };
		587430481EFA6F1600920E21 /* UIView+ActionHandlers.m in Sources */ = {isa = PBXBuildFile; fileRef = 5874300F1EFA6F1600920E21 /* UIView+ActionHandlers.m */; };
		587430491EFA6F1600920E21 /* UIView+YYAdd.m in Sources */ = {isa = PBXBuildFile; fileRef = 587430111EFA6F1600920E21 /* UIView+YYAdd.m */; };
		5874304A1EFA6F1600920E21 /* UIViewController+YYAdd.m in Sources */ = {isa = PBXBuildFile; fileRef = 587430141EFA6F1600920E21 /* UIViewController+YYAdd.m */; };
/* End PBXBuildFile section */

/* Begin PBXFileReference section */
		58742F671EFA6E6000920E21 /* MBALib.app */ = {isa = PBXFileReference; explicitFileType = wrapper.application; includeInIndex = 0; path = MBALib.app; sourceTree = BUILT_PRODUCTS_DIR; };
		58742F6B1EFA6E6000920E21 /* main.m */ = {isa = PBXFileReference; lastKnownFileType = sourcecode.c.objc; path = main.m; sourceTree = "<group>"; };
		58742F6D1EFA6E6000920E21 /* AppDelegate.h */ = {isa = PBXFileReference; lastKnownFileType = sourcecode.c.h; path = AppDelegate.h; sourceTree = "<group>"; };
		58742F6E1EFA6E6000920E21 /* AppDelegate.m */ = {isa = PBXFileReference; lastKnownFileType = sourcecode.c.objc; path = AppDelegate.m; sourceTree = "<group>"; };
		58742F701EFA6E6000920E21 /* ViewController.h */ = {isa = PBXFileReference; lastKnownFileType = sourcecode.c.h; path = ViewController.h; sourceTree = "<group>"; };
		58742F711EFA6E6000920E21 /* ViewController.m */ = {isa = PBXFileReference; lastKnownFileType = sourcecode.c.objc; path = ViewController.m; sourceTree = "<group>"; };
		58742F741EFA6E6000920E21 /* Base */ = {isa = PBXFileReference; lastKnownFileType = file.storyboard; name = Base; path = Base.lproj/Main.storyboard; sourceTree = "<group>"; };
		58742F761EFA6E6000920E21 /* Assets.xcassets */ = {isa = PBXFileReference; lastKnownFileType = folder.assetcatalog; path = Assets.xcassets; sourceTree = "<group>"; };
		58742F791EFA6E6000920E21 /* Base */ = {isa = PBXFileReference; lastKnownFileType = file.storyboard; name = Base; path = Base.lproj/LaunchScreen.storyboard; sourceTree = "<group>"; };
		58742F7B1EFA6E6000920E21 /* Info.plist */ = {isa = PBXFileReference; lastKnownFileType = text.plist.xml; path = Info.plist; sourceTree = "<group>"; };
		58742F831EFA6F1600920E21 /* Singleton.h */ = {isa = PBXFileReference; fileEncoding = 4; lastKnownFileType = sourcecode.c.h; path = Singleton.h; sourceTree = "<group>"; };
		58742F841EFA6F1600920E21 /* YYKit.h */ = {isa = PBXFileReference; fileEncoding = 4; lastKnownFileType = sourcecode.c.h; path = YYKit.h; sourceTree = "<group>"; };
		58742F851EFA6F1600920E21 /* YYKitMacro.h */ = {isa = PBXFileReference; fileEncoding = 4; lastKnownFileType = sourcecode.c.h; path = YYKitMacro.h; sourceTree = "<group>"; };
		58742F9C1EFA6F1600920E21 /* NSArray+Helper.h */ = {isa = PBXFileReference; fileEncoding = 4; lastKnownFileType = sourcecode.c.h; path = "NSArray+Helper.h"; sourceTree = "<group>"; };
		58742F9D1EFA6F1600920E21 /* NSArray+Helper.m */ = {isa = PBXFileReference; fileEncoding = 4; lastKnownFileType = sourcecode.c.objc; path = "NSArray+Helper.m"; sourceTree = "<group>"; };
		58742F9E1EFA6F1600920E21 /* NSArray+YYAdd.h */ = {isa = PBXFileReference; fileEncoding = 4; lastKnownFileType = sourcecode.c.h; path = "NSArray+YYAdd.h"; sourceTree = "<group>"; };
		58742F9F1EFA6F1600920E21 /* NSArray+YYAdd.m */ = {isa = PBXFileReference; fileEncoding = 4; lastKnownFileType = sourcecode.c.objc; path = "NSArray+YYAdd.m"; sourceTree = "<group>"; };
		58742FA01EFA6F1600920E21 /* NSMutableArray+Helper.h */ = {isa = PBXFileReference; fileEncoding = 4; lastKnownFileType = sourcecode.c.h; path = "NSMutableArray+Helper.h"; sourceTree = "<group>"; };
		58742FA11EFA6F1600920E21 /* NSMutableArray+Helper.m */ = {isa = PBXFileReference; fileEncoding = 4; lastKnownFileType = sourcecode.c.objc; path = "NSMutableArray+Helper.m"; sourceTree = "<group>"; };
		58742FA31EFA6F1600920E21 /* NSData+YYAdd.h */ = {isa = PBXFileReference; fileEncoding = 4; lastKnownFileType = sourcecode.c.h; path = "NSData+YYAdd.h"; sourceTree = "<group>"; };
		58742FA41EFA6F1600920E21 /* NSData+YYAdd.m */ = {isa = PBXFileReference; fileEncoding = 4; lastKnownFileType = sourcecode.c.objc; path = "NSData+YYAdd.m"; sourceTree = "<group>"; };
		58742FA61EFA6F1600920E21 /* NSDate+YYAdd.h */ = {isa = PBXFileReference; fileEncoding = 4; lastKnownFileType = sourcecode.c.h; path = "NSDate+YYAdd.h"; sourceTree = "<group>"; };
		58742FA71EFA6F1600920E21 /* NSDate+YYAdd.m */ = {isa = PBXFileReference; fileEncoding = 4; lastKnownFileType = sourcecode.c.objc; path = "NSDate+YYAdd.m"; sourceTree = "<group>"; };
		58742FA91EFA6F1600920E21 /* NSDictionary+Helper.h */ = {isa = PBXFileReference; fileEncoding = 4; lastKnownFileType = sourcecode.c.h; path = "NSDictionary+Helper.h"; sourceTree = "<group>"; };
		58742FAA1EFA6F1600920E21 /* NSDictionary+Helper.m */ = {isa = PBXFileReference; fileEncoding = 4; lastKnownFileType = sourcecode.c.objc; path = "NSDictionary+Helper.m"; sourceTree = "<group>"; };
		58742FAB1EFA6F1600920E21 /* NSDictionary+YYAdd.h */ = {isa = PBXFileReference; fileEncoding = 4; lastKnownFileType = sourcecode.c.h; path = "NSDictionary+YYAdd.h"; sourceTree = "<group>"; };
		58742FAC1EFA6F1600920E21 /* NSDictionary+YYAdd.m */ = {isa = PBXFileReference; fileEncoding = 4; lastKnownFileType = sourcecode.c.objc; path = "NSDictionary+YYAdd.m"; sourceTree = "<group>"; };
		58742FAD1EFA6F1600920E21 /* NSMutableDictionary+Helper.h */ = {isa = PBXFileReference; fileEncoding = 4; lastKnownFileType = sourcecode.c.h; path = "NSMutableDictionary+Helper.h"; sourceTree = "<group>"; };
		58742FAE1EFA6F1600920E21 /* NSMutableDictionary+Helper.m */ = {isa = PBXFileReference; fileEncoding = 4; lastKnownFileType = sourcecode.c.objc; path = "NSMutableDictionary+Helper.m"; sourceTree = "<group>"; };
		58742FB01EFA6F1600920E21 /* NSFileManager+YYAdd.h */ = {isa = PBXFileReference; fileEncoding = 4; lastKnownFileType = sourcecode.c.h; path = "NSFileManager+YYAdd.h"; sourceTree = "<group>"; };
		58742FB11EFA6F1600920E21 /* NSFileManager+YYAdd.m */ = {isa = PBXFileReference; fileEncoding = 4; lastKnownFileType = sourcecode.c.objc; path = "NSFileManager+YYAdd.m"; sourceTree = "<group>"; };
		58742FB31EFA6F1600920E21 /* NSIndexSet+Helper.h */ = {isa = PBXFileReference; fileEncoding = 4; lastKnownFileType = sourcecode.c.h; path = "NSIndexSet+Helper.h"; sourceTree = "<group>"; };
		58742FB41EFA6F1600920E21 /* NSIndexSet+Helper.m */ = {isa = PBXFileReference; fileEncoding = 4; lastKnownFileType = sourcecode.c.objc; path = "NSIndexSet+Helper.m"; sourceTree = "<group>"; };
		58742FB51EFA6F1600920E21 /* NSMutableIndexSet+Helper.h */ = {isa = PBXFileReference; fileEncoding = 4; lastKnownFileType = sourcecode.c.h; path = "NSMutableIndexSet+Helper.h"; sourceTree = "<group>"; };
		58742FB61EFA6F1600920E21 /* NSMutableIndexSet+Helper.m */ = {isa = PBXFileReference; fileEncoding = 4; lastKnownFileType = sourcecode.c.objc; path = "NSMutableIndexSet+Helper.m"; sourceTree = "<group>"; };
		58742FB81EFA6F1600920E21 /* NSInvocation+Helper.h */ = {isa = PBXFileReference; fileEncoding = 4; lastKnownFileType = sourcecode.c.h; path = "NSInvocation+Helper.h"; sourceTree = "<group>"; };
		58742FB91EFA6F1600920E21 /* NSInvocation+Helper.m */ = {isa = PBXFileReference; fileEncoding = 4; lastKnownFileType = sourcecode.c.objc; path = "NSInvocation+Helper.m"; sourceTree = "<group>"; };
		58742FBB1EFA6F1600920E21 /* NSNotificationCenter+YYAdd.h */ = {isa = PBXFileReference; fileEncoding = 4; lastKnownFileType = sourcecode.c.h; path = "NSNotificationCenter+YYAdd.h"; sourceTree = "<group>"; };
		58742FBC1EFA6F1600920E21 /* NSNotificationCenter+YYAdd.m */ = {isa = PBXFileReference; fileEncoding = 4; lastKnownFileType = sourcecode.c.objc; path = "NSNotificationCenter+YYAdd.m"; sourceTree = "<group>"; };
		58742FBE1EFA6F1600920E21 /* NSNumber+YYAdd.h */ = {isa = PBXFileReference; fileEncoding = 4; lastKnownFileType = sourcecode.c.h; path = "NSNumber+YYAdd.h"; sourceTree = "<group>"; };
		58742FBF1EFA6F1600920E21 /* NSNumber+YYAdd.m */ = {isa = PBXFileReference; fileEncoding = 4; lastKnownFileType = sourcecode.c.objc; path = "NSNumber+YYAdd.m"; sourceTree = "<group>"; };
		58742FC11EFA6F1600920E21 /* NSObject+AssociatedHelper.h */ = {isa = PBXFileReference; fileEncoding = 4; lastKnownFileType = sourcecode.c.h; path = "NSObject+AssociatedHelper.h"; sourceTree = "<group>"; };
		58742FC21EFA6F1600920E21 /* NSObject+AssociatedHelper.m */ = {isa = PBXFileReference; fileEncoding = 4; lastKnownFileType = sourcecode.c.objc; path = "NSObject+AssociatedHelper.m"; sourceTree = "<group>"; };
		58742FC31EFA6F1600920E21 /* NSObject+ExecutionHelper.h */ = {isa = PBXFileReference; fileEncoding = 4; lastKnownFileType = sourcecode.c.h; path = "NSObject+ExecutionHelper.h"; sourceTree = "<group>"; };
		58742FC41EFA6F1600920E21 /* NSObject+ExecutionHelper.m */ = {isa = PBXFileReference; fileEncoding = 4; lastKnownFileType = sourcecode.c.objc; path = "NSObject+ExecutionHelper.m"; sourceTree = "<group>"; };
		58742FC51EFA6F1600920E21 /* NSObject+LogDealloc.h */ = {isa = PBXFileReference; fileEncoding = 4; lastKnownFileType = sourcecode.c.h; path = "NSObject+LogDealloc.h"; sourceTree = "<group>"; };
		58742FC61EFA6F1600920E21 /* NSObject+LogDealloc.m */ = {isa = PBXFileReference; fileEncoding = 4; lastKnownFileType = sourcecode.c.objc; path = "NSObject+LogDealloc.m"; sourceTree = "<group>"; };
		58742FC71EFA6F1600920E21 /* NSObject+ObservationHelper.h */ = {isa = PBXFileReference; fileEncoding = 4; lastKnownFileType = sourcecode.c.h; path = "NSObject+ObservationHelper.h"; sourceTree = "<group>"; };
		58742FC81EFA6F1600920E21 /* NSObject+ObservationHelper.m */ = {isa = PBXFileReference; fileEncoding = 4; lastKnownFileType = sourcecode.c.objc; path = "NSObject+ObservationHelper.m"; sourceTree = "<group>"; };
		58742FC91EFA6F1600920E21 /* NSObject+YYAdd.h */ = {isa = PBXFileReference; fileEncoding = 4; lastKnownFileType = sourcecode.c.h; path = "NSObject+YYAdd.h"; sourceTree = "<group>"; };
		58742FCA1EFA6F1600920E21 /* NSObject+YYAdd.m */ = {isa = PBXFileReference; fileEncoding = 4; lastKnownFileType = sourcecode.c.objc; path = "NSObject+YYAdd.m"; sourceTree = "<group>"; };
		58742FCC1EFA6F1600920E21 /* NSMutableOrderedSet+Helper.h */ = {isa = PBXFileReference; fileEncoding = 4; lastKnownFileType = sourcecode.c.h; path = "NSMutableOrderedSet+Helper.h"; sourceTree = "<group>"; };
		58742FCD1EFA6F1600920E21 /* NSMutableOrderedSet+Helper.m */ = {isa = PBXFileReference; fileEncoding = 4; lastKnownFileType = sourcecode.c.objc; path = "NSMutableOrderedSet+Helper.m"; sourceTree = "<group>"; };
		58742FCE1EFA6F1600920E21 /* NSOrderedSet+Helper.h */ = {isa = PBXFileReference; fileEncoding = 4; lastKnownFileType = sourcecode.c.h; path = "NSOrderedSet+Helper.h"; sourceTree = "<group>"; };
		58742FCF1EFA6F1600920E21 /* NSOrderedSet+Helper.m */ = {isa = PBXFileReference; fileEncoding = 4; lastKnownFileType = sourcecode.c.objc; path = "NSOrderedSet+Helper.m"; sourceTree = "<group>"; };
		58742FD11EFA6F1600920E21 /* NSMutableSet+Helper.h */ = {isa = PBXFileReference; fileEncoding = 4; lastKnownFileType = sourcecode.c.h; path = "NSMutableSet+Helper.h"; sourceTree = "<group>"; };
		58742FD21EFA6F1600920E21 /* NSMutableSet+Helper.m */ = {isa = PBXFileReference; fileEncoding = 4; lastKnownFileType = sourcecode.c.objc; path = "NSMutableSet+Helper.m"; sourceTree = "<group>"; };
		58742FD31EFA6F1600920E21 /* NSSet+YYAdd.h */ = {isa = PBXFileReference; fileEncoding = 4; lastKnownFileType = sourcecode.c.h; path = "NSSet+YYAdd.h"; sourceTree = "<group>"; };
		58742FD41EFA6F1600920E21 /* NSSet+YYAdd.m */ = {isa = PBXFileReference; fileEncoding = 4; lastKnownFileType = sourcecode.c.objc; path = "NSSet+YYAdd.m"; sourceTree = "<group>"; };
		58742FD61EFA6F1600920E21 /* NSString+DataDetector.h */ = {isa = PBXFileReference; fileEncoding = 4; lastKnownFileType = sourcecode.c.h; path = "NSString+DataDetector.h"; sourceTree = "<group>"; };
		58742FD71EFA6F1600920E21 /* NSString+DataDetector.m */ = {isa = PBXFileReference; fileEncoding = 4; lastKnownFileType = sourcecode.c.objc; path = "NSString+DataDetector.m"; sourceTree = "<group>"; };
		58742FD81EFA6F1600920E21 /* NSString+Helper.h */ = {isa = PBXFileReference; fileEncoding = 4; lastKnownFileType = sourcecode.c.h; path = "NSString+Helper.h"; sourceTree = "<group>"; };
		58742FD91EFA6F1600920E21 /* NSString+Helper.m */ = {isa = PBXFileReference; fileEncoding = 4; lastKnownFileType = sourcecode.c.objc; path = "NSString+Helper.m"; sourceTree = "<group>"; };
		58742FDA1EFA6F1600920E21 /* NSString+YYAdd.h */ = {isa = PBXFileReference; fileEncoding = 4; lastKnownFileType = sourcecode.c.h; path = "NSString+YYAdd.h"; sourceTree = "<group>"; };
		58742FDB1EFA6F1600920E21 /* NSString+YYAdd.m */ = {isa = PBXFileReference; fileEncoding = 4; lastKnownFileType = sourcecode.c.objc; path = "NSString+YYAdd.m"; sourceTree = "<group>"; };
		58742FDD1EFA6F1600920E21 /* NSTimer+YYAdd.h */ = {isa = PBXFileReference; fileEncoding = 4; lastKnownFileType = sourcecode.c.h; path = "NSTimer+YYAdd.h"; sourceTree = "<group>"; };
		58742FDE1EFA6F1600920E21 /* NSTimer+YYAdd.m */ = {isa = PBXFileReference; fileEncoding = 4; lastKnownFileType = sourcecode.c.objc; path = "NSTimer+YYAdd.m"; sourceTree = "<group>"; };
		58742FE01EFA6F1600920E21 /* NSURL+YYAdd.h */ = {isa = PBXFileReference; fileEncoding = 4; lastKnownFileType = sourcecode.c.h; path = "NSURL+YYAdd.h"; sourceTree = "<group>"; };
		58742FE11EFA6F1600920E21 /* NSURL+YYAdd.m */ = {isa = PBXFileReference; fileEncoding = 4; lastKnownFileType = sourcecode.c.objc; path = "NSURL+YYAdd.m"; sourceTree = "<group>"; };
		58742FE41EFA6F1600920E21 /* MBProgressHUD+YYAdd.h */ = {isa = PBXFileReference; fileEncoding = 4; lastKnownFileType = sourcecode.c.h; path = "MBProgressHUD+YYAdd.h"; sourceTree = "<group>"; };
		58742FE51EFA6F1600920E21 /* MBProgressHUD+YYAdd.m */ = {isa = PBXFileReference; fileEncoding = 4; lastKnownFileType = sourcecode.c.objc; path = "MBProgressHUD+YYAdd.m"; sourceTree = "<group>"; };
		58742FE61EFA6F1600920E21 /* MBProgressHUD.bundle */ = {isa = PBXFileReference; lastKnownFileType = "wrapper.plug-in"; path = MBProgressHUD.bundle; sourceTree = "<group>"; };
		58742FE91EFA6F1600920E21 /* ALActionBlockWrapper.h */ = {isa = PBXFileReference; fileEncoding = 4; lastKnownFileType = sourcecode.c.h; path = ALActionBlockWrapper.h; sourceTree = "<group>"; };
		58742FEA1EFA6F1600920E21 /* ALActionBlockWrapper.m */ = {isa = PBXFileReference; fileEncoding = 4; lastKnownFileType = sourcecode.c.objc; path = ALActionBlockWrapper.m; sourceTree = "<group>"; };
		58742FEC1EFA6F1600920E21 /* UIApplication+YYAdd.h */ = {isa = PBXFileReference; fileEncoding = 4; lastKnownFileType = sourcecode.c.h; path = "UIApplication+YYAdd.h"; sourceTree = "<group>"; };
		58742FED1EFA6F1600920E21 /* UIApplication+YYAdd.m */ = {isa = PBXFileReference; fileEncoding = 4; lastKnownFileType = sourcecode.c.objc; path = "UIApplication+YYAdd.m"; sourceTree = "<group>"; };
		58742FEF1EFA6F1600920E21 /* UIBarButtonItem+YYAdd.h */ = {isa = PBXFileReference; fileEncoding = 4; lastKnownFileType = sourcecode.c.h; path = "UIBarButtonItem+YYAdd.h"; sourceTree = "<group>"; };
		58742FF01EFA6F1600920E21 /* UIBarButtonItem+YYAdd.m */ = {isa = PBXFileReference; fileEncoding = 4; lastKnownFileType = sourcecode.c.objc; path = "UIBarButtonItem+YYAdd.m"; sourceTree = "<group>"; };
		58742FF21EFA6F1600920E21 /* GColor.bundle */ = {isa = PBXFileReference; lastKnownFileType = "wrapper.plug-in"; path = GColor.bundle; sourceTree = "<group>"; };
		58742FF31EFA6F1600920E21 /* UIColor+YYAdd.h */ = {isa = PBXFileReference; fileEncoding = 4; lastKnownFileType = sourcecode.c.h; path = "UIColor+YYAdd.h"; sourceTree = "<group>"; };
		58742FF41EFA6F1600920E21 /* UIColor+YYAdd.m */ = {isa = PBXFileReference; fileEncoding = 4; lastKnownFileType = sourcecode.c.objc; path = "UIColor+YYAdd.m"; sourceTree = "<group>"; };
		58742FF61EFA6F1600920E21 /* UIControl+YYAdd.h */ = {isa = PBXFileReference; fileEncoding = 4; lastKnownFileType = sourcecode.c.h; path = "UIControl+YYAdd.h"; sourceTree = "<group>"; };
		58742FF71EFA6F1600920E21 /* UIControl+YYAdd.m */ = {isa = PBXFileReference; fileEncoding = 4; lastKnownFileType = sourcecode.c.objc; path = "UIControl+YYAdd.m"; sourceTree = "<group>"; };
		58742FF91EFA6F1600920E21 /* UIDevice+YYAdd.h */ = {isa = PBXFileReference; fileEncoding = 4; lastKnownFileType = sourcecode.c.h; path = "UIDevice+YYAdd.h"; sourceTree = "<group>"; };
		58742FFA1EFA6F1600920E21 /* UIDevice+YYAdd.m */ = {isa = PBXFileReference; fileEncoding = 4; lastKnownFileType = sourcecode.c.objc; path = "UIDevice+YYAdd.m"; sourceTree = "<group>"; };
		58742FFC1EFA6F1600920E21 /* UIGestureRecognizer+YYAdd.h */ = {isa = PBXFileReference; fileEncoding = 4; lastKnownFileType = sourcecode.c.h; path = "UIGestureRecognizer+YYAdd.h"; sourceTree = "<group>"; };
		58742FFD1EFA6F1600920E21 /* UIGestureRecognizer+YYAdd.m */ = {isa = PBXFileReference; fileEncoding = 4; lastKnownFileType = sourcecode.c.objc; path = "UIGestureRecognizer+YYAdd.m"; sourceTree = "<group>"; };
		58742FFF1EFA6F1600920E21 /* UIImage+YYAdd.h */ = {isa = PBXFileReference; fileEncoding = 4; lastKnownFileType = sourcecode.c.h; path = "UIImage+YYAdd.h"; sourceTree = "<group>"; };
		587430001EFA6F1600920E21 /* UIImage+YYAdd.m */ = {isa = PBXFileReference; fileEncoding = 4; lastKnownFileType = sourcecode.c.objc; path = "UIImage+YYAdd.m"; sourceTree = "<group>"; };
		587430021EFA6F1600920E21 /* UILabel+YYAdd.h */ = {isa = PBXFileReference; fileEncoding = 4; lastKnownFileType = sourcecode.c.h; path = "UILabel+YYAdd.h"; sourceTree = "<group>"; };
		587430031EFA6F1600920E21 /* UILabel+YYAdd.m */ = {isa = PBXFileReference; fileEncoding = 4; lastKnownFileType = sourcecode.c.objc; path = "UILabel+YYAdd.m"; sourceTree = "<group>"; };
		587430051EFA6F1600920E21 /* UIScreen+YYAdd.h */ = {isa = PBXFileReference; fileEncoding = 4; lastKnownFileType = sourcecode.c.h; path = "UIScreen+YYAdd.h"; sourceTree = "<group>"; };
		587430061EFA6F1600920E21 /* UIScreen+YYAdd.m */ = {isa = PBXFileReference; fileEncoding = 4; lastKnownFileType = sourcecode.c.objc; path = "UIScreen+YYAdd.m"; sourceTree = "<group>"; };
		587430081EFA6F1600920E21 /* UIScrollView+YYAdd.h */ = {isa = PBXFileReference; fileEncoding = 4; lastKnownFileType = sourcecode.c.h; path = "UIScrollView+YYAdd.h"; sourceTree = "<group>"; };
		587430091EFA6F1600920E21 /* UIScrollView+YYAdd.m */ = {isa = PBXFileReference; fileEncoding = 4; lastKnownFileType = sourcecode.c.objc; path = "UIScrollView+YYAdd.m"; sourceTree = "<group>"; };
		5874300B1EFA6F1600920E21 /* UITableView+YYAdd.h */ = {isa = PBXFileReference; fileEncoding = 4; lastKnownFileType = sourcecode.c.h; path = "UITableView+YYAdd.h"; sourceTree = "<group>"; };
		5874300C1EFA6F1600920E21 /* UITableView+YYAdd.m */ = {isa = PBXFileReference; fileEncoding = 4; lastKnownFileType = sourcecode.c.objc; path = "UITableView+YYAdd.m"; sourceTree = "<group>"; };
		5874300E1EFA6F1600920E21 /* UIView+ActionHandlers.h */ = {isa = PBXFileReference; fileEncoding = 4; lastKnownFileType = sourcecode.c.h; path = "UIView+ActionHandlers.h"; sourceTree = "<group>"; };
		5874300F1EFA6F1600920E21 /* UIView+ActionHandlers.m */ = {isa = PBXFileReference; fileEncoding = 4; lastKnownFileType = sourcecode.c.objc; path = "UIView+ActionHandlers.m"; sourceTree = "<group>"; };
		587430101EFA6F1600920E21 /* UIView+YYAdd.h */ = {isa = PBXFileReference; fileEncoding = 4; lastKnownFileType = sourcecode.c.h; path = "UIView+YYAdd.h"; sourceTree = "<group>"; };
		587430111EFA6F1600920E21 /* UIView+YYAdd.m */ = {isa = PBXFileReference; fileEncoding = 4; lastKnownFileType = sourcecode.c.objc; path = "UIView+YYAdd.m"; sourceTree = "<group>"; };
		587430131EFA6F1600920E21 /* UIViewController+YYAdd.h */ = {isa = PBXFileReference; fileEncoding = 4; lastKnownFileType = sourcecode.c.h; path = "UIViewController+YYAdd.h"; sourceTree = "<group>"; };
		587430141EFA6F1600920E21 /* UIViewController+YYAdd.m */ = {isa = PBXFileReference; fileEncoding = 4; lastKnownFileType = sourcecode.c.objc; path = "UIViewController+YYAdd.m"; sourceTree = "<group>"; };
		908A4208DCE8C016981DC46D /* Pods_MBALib.framework */ = {isa = PBXFileReference; explicitFileType = wrapper.framework; includeInIndex = 0; path = Pods_MBALib.framework; sourceTree = BUILT_PRODUCTS_DIR; };
		92B672F125622B2BCD37D43A /* Pods-MBALib.debug.xcconfig */ = {isa = PBXFileReference; includeInIndex = 1; lastKnownFileType = text.xcconfig; name = "Pods-MBALib.debug.xcconfig"; path = "Pods/Target Support Files/Pods-MBALib/Pods-MBALib.debug.xcconfig"; sourceTree = "<group>"; };
		BF3F90ADF46C20447D320AC1 /* Pods-MBALib.release.xcconfig */ = {isa = PBXFileReference; includeInIndex = 1; lastKnownFileType = text.xcconfig; name = "Pods-MBALib.release.xcconfig"; path = "Pods/Target Support Files/Pods-MBALib/Pods-MBALib.release.xcconfig"; sourceTree = "<group>"; };
/* End PBXFileReference section */

/* Begin PBXFrameworksBuildPhase section */
		58742F641EFA6E6000920E21 /* Frameworks */ = {
			isa = PBXFrameworksBuildPhase;
			buildActionMask = 2147483647;
			files = (
				112BD1BAC0C72FBCEAEBF666 /* Pods_MBALib.framework in Frameworks */,
			);
			runOnlyForDeploymentPostprocessing = 0;
		};
/* End PBXFrameworksBuildPhase section */

/* Begin PBXGroup section */
		23E42E3AC8E035035C382691 /* Pods */ = {
			isa = PBXGroup;
			children = (
				92B672F125622B2BCD37D43A /* Pods-MBALib.debug.xcconfig */,
				BF3F90ADF46C20447D320AC1 /* Pods-MBALib.release.xcconfig */,
			);
			name = Pods;
			sourceTree = "<group>";
		};
		58742F5E1EFA6E6000920E21 = {
			isa = PBXGroup;
			children = (
				58742F811EFA6F1600920E21 /* SDK */,
				58742F691EFA6E6000920E21 /* MBALib */,
				58742F681EFA6E6000920E21 /* Products */,
				23E42E3AC8E035035C382691 /* Pods */,
				E8F82E4B874C9BFDA5149858 /* Frameworks */,
			);
			sourceTree = "<group>";
		};
		58742F681EFA6E6000920E21 /* Products */ = {
			isa = PBXGroup;
			children = (
				58742F671EFA6E6000920E21 /* MBALib.app */,
			);
			name = Products;
			sourceTree = "<group>";
		};
		58742F691EFA6E6000920E21 /* MBALib */ = {
			isa = PBXGroup;
			children = (
				58742F6D1EFA6E6000920E21 /* AppDelegate.h */,
				58742F6E1EFA6E6000920E21 /* AppDelegate.m */,
				58742F701EFA6E6000920E21 /* ViewController.h */,
				58742F711EFA6E6000920E21 /* ViewController.m */,
				58742F731EFA6E6000920E21 /* Main.storyboard */,
				58742F761EFA6E6000920E21 /* Assets.xcassets */,
				58742F781EFA6E6000920E21 /* LaunchScreen.storyboard */,
				58742F7B1EFA6E6000920E21 /* Info.plist */,
				58742F6A1EFA6E6000920E21 /* Supporting Files */,
			);
			path = MBALib;
			sourceTree = "<group>";
		};
		58742F6A1EFA6E6000920E21 /* Supporting Files */ = {
			isa = PBXGroup;
			children = (
				58742F6B1EFA6E6000920E21 /* main.m */,
			);
			name = "Supporting Files";
			sourceTree = "<group>";
		};
		58742F811EFA6F1600920E21 /* SDK */ = {
			isa = PBXGroup;
			children = (
				58742F821EFA6F1600920E21 /* Define */,
				58742F861EFA6F1600920E21 /* Foundation_Categories */,
				58742FE21EFA6F1600920E21 /* Third_Categories */,
				58742FE71EFA6F1600920E21 /* UIKit_Categories */,
			);
			path = SDK;
			sourceTree = "<group>";
		};
		58742F821EFA6F1600920E21 /* Define */ = {
			isa = PBXGroup;
			children = (
				58742F831EFA6F1600920E21 /* Singleton.h */,
				58742F841EFA6F1600920E21 /* YYKit.h */,
				58742F851EFA6F1600920E21 /* YYKitMacro.h */,
			);
			path = Define;
			sourceTree = "<group>";
		};
		58742F861EFA6F1600920E21 /* Foundation_Categories */ = {
			isa = PBXGroup;
			children = (
				58742F9B1EFA6F1600920E21 /* NSArray */,
				58742FA21EFA6F1600920E21 /* NSData */,
				58742FA51EFA6F1600920E21 /* NSDate */,
				58742FA81EFA6F1600920E21 /* NSDictionary */,
				58742FAF1EFA6F1600920E21 /* NSFileManager */,
				58742FB21EFA6F1600920E21 /* NSIndexSet */,
				58742FB71EFA6F1600920E21 /* NSInvocation */,
				58742FBA1EFA6F1600920E21 /* NSNotificationCenter */,
				58742FBD1EFA6F1600920E21 /* NSNumber */,
				58742FC01EFA6F1600920E21 /* NSObject */,
				58742FCB1EFA6F1600920E21 /* NSOrderedSet */,
				58742FD01EFA6F1600920E21 /* NSSet */,
				58742FD51EFA6F1600920E21 /* NSString */,
				58742FDC1EFA6F1600920E21 /* NSTimer */,
				58742FDF1EFA6F1600920E21 /* NSURL */,
			);
			path = Foundation_Categories;
			sourceTree = "<group>";
		};
		58742F9B1EFA6F1600920E21 /* NSArray */ = {
			isa = PBXGroup;
			children = (
				58742F9C1EFA6F1600920E21 /* NSArray+Helper.h */,
				58742F9D1EFA6F1600920E21 /* NSArray+Helper.m */,
				58742F9E1EFA6F1600920E21 /* NSArray+YYAdd.h */,
				58742F9F1EFA6F1600920E21 /* NSArray+YYAdd.m */,
				58742FA01EFA6F1600920E21 /* NSMutableArray+Helper.h */,
				58742FA11EFA6F1600920E21 /* NSMutableArray+Helper.m */,
			);
			path = NSArray;
			sourceTree = "<group>";
		};
		58742FA21EFA6F1600920E21 /* NSData */ = {
			isa = PBXGroup;
			children = (
				58742FA31EFA6F1600920E21 /* NSData+YYAdd.h */,
				58742FA41EFA6F1600920E21 /* NSData+YYAdd.m */,
			);
			path = NSData;
			sourceTree = "<group>";
		};
		58742FA51EFA6F1600920E21 /* NSDate */ = {
			isa = PBXGroup;
			children = (
				58742FA61EFA6F1600920E21 /* NSDate+YYAdd.h */,
				58742FA71EFA6F1600920E21 /* NSDate+YYAdd.m */,
			);
			path = NSDate;
			sourceTree = "<group>";
		};
		58742FA81EFA6F1600920E21 /* NSDictionary */ = {
			isa = PBXGroup;
			children = (
				58742FA91EFA6F1600920E21 /* NSDictionary+Helper.h */,
				58742FAA1EFA6F1600920E21 /* NSDictionary+Helper.m */,
				58742FAB1EFA6F1600920E21 /* NSDictionary+YYAdd.h */,
				58742FAC1EFA6F1600920E21 /* NSDictionary+YYAdd.m */,
				58742FAD1EFA6F1600920E21 /* NSMutableDictionary+Helper.h */,
				58742FAE1EFA6F1600920E21 /* NSMutableDictionary+Helper.m */,
			);
			path = NSDictionary;
			sourceTree = "<group>";
		};
		58742FAF1EFA6F1600920E21 /* NSFileManager */ = {
			isa = PBXGroup;
			children = (
				58742FB01EFA6F1600920E21 /* NSFileManager+YYAdd.h */,
				58742FB11EFA6F1600920E21 /* NSFileManager+YYAdd.m */,
			);
			path = NSFileManager;
			sourceTree = "<group>";
		};
		58742FB21EFA6F1600920E21 /* NSIndexSet */ = {
			isa = PBXGroup;
			children = (
				58742FB31EFA6F1600920E21 /* NSIndexSet+Helper.h */,
				58742FB41EFA6F1600920E21 /* NSIndexSet+Helper.m */,
				58742FB51EFA6F1600920E21 /* NSMutableIndexSet+Helper.h */,
				58742FB61EFA6F1600920E21 /* NSMutableIndexSet+Helper.m */,
			);
			path = NSIndexSet;
			sourceTree = "<group>";
		};
		58742FB71EFA6F1600920E21 /* NSInvocation */ = {
			isa = PBXGroup;
			children = (
				58742FB81EFA6F1600920E21 /* NSInvocation+Helper.h */,
				58742FB91EFA6F1600920E21 /* NSInvocation+Helper.m */,
			);
			path = NSInvocation;
			sourceTree = "<group>";
		};
		58742FBA1EFA6F1600920E21 /* NSNotificationCenter */ = {
			isa = PBXGroup;
			children = (
				58742FBB1EFA6F1600920E21 /* NSNotificationCenter+YYAdd.h */,
				58742FBC1EFA6F1600920E21 /* NSNotificationCenter+YYAdd.m */,
			);
			path = NSNotificationCenter;
			sourceTree = "<group>";
		};
		58742FBD1EFA6F1600920E21 /* NSNumber */ = {
			isa = PBXGroup;
			children = (
				58742FBE1EFA6F1600920E21 /* NSNumber+YYAdd.h */,
				58742FBF1EFA6F1600920E21 /* NSNumber+YYAdd.m */,
			);
			path = NSNumber;
			sourceTree = "<group>";
		};
		58742FC01EFA6F1600920E21 /* NSObject */ = {
			isa = PBXGroup;
			children = (
				58742FC11EFA6F1600920E21 /* NSObject+AssociatedHelper.h */,
				58742FC21EFA6F1600920E21 /* NSObject+AssociatedHelper.m */,
				58742FC31EFA6F1600920E21 /* NSObject+ExecutionHelper.h */,
				58742FC41EFA6F1600920E21 /* NSObject+ExecutionHelper.m */,
				58742FC51EFA6F1600920E21 /* NSObject+LogDealloc.h */,
				58742FC61EFA6F1600920E21 /* NSObject+LogDealloc.m */,
				58742FC71EFA6F1600920E21 /* NSObject+ObservationHelper.h */,
				58742FC81EFA6F1600920E21 /* NSObject+ObservationHelper.m */,
				58742FC91EFA6F1600920E21 /* NSObject+YYAdd.h */,
				58742FCA1EFA6F1600920E21 /* NSObject+YYAdd.m */,
			);
			path = NSObject;
			sourceTree = "<group>";
		};
		58742FCB1EFA6F1600920E21 /* NSOrderedSet */ = {
			isa = PBXGroup;
			children = (
				58742FCC1EFA6F1600920E21 /* NSMutableOrderedSet+Helper.h */,
				58742FCD1EFA6F1600920E21 /* NSMutableOrderedSet+Helper.m */,
				58742FCE1EFA6F1600920E21 /* NSOrderedSet+Helper.h */,
				58742FCF1EFA6F1600920E21 /* NSOrderedSet+Helper.m */,
			);
			path = NSOrderedSet;
			sourceTree = "<group>";
		};
		58742FD01EFA6F1600920E21 /* NSSet */ = {
			isa = PBXGroup;
			children = (
				58742FD11EFA6F1600920E21 /* NSMutableSet+Helper.h */,
				58742FD21EFA6F1600920E21 /* NSMutableSet+Helper.m */,
				58742FD31EFA6F1600920E21 /* NSSet+YYAdd.h */,
				58742FD41EFA6F1600920E21 /* NSSet+YYAdd.m */,
			);
			path = NSSet;
			sourceTree = "<group>";
		};
		58742FD51EFA6F1600920E21 /* NSString */ = {
			isa = PBXGroup;
			children = (
				58742FD61EFA6F1600920E21 /* NSString+DataDetector.h */,
				58742FD71EFA6F1600920E21 /* NSString+DataDetector.m */,
				58742FD81EFA6F1600920E21 /* NSString+Helper.h */,
				58742FD91EFA6F1600920E21 /* NSString+Helper.m */,
				58742FDA1EFA6F1600920E21 /* NSString+YYAdd.h */,
				58742FDB1EFA6F1600920E21 /* NSString+YYAdd.m */,
			);
			path = NSString;
			sourceTree = "<group>";
		};
		58742FDC1EFA6F1600920E21 /* NSTimer */ = {
			isa = PBXGroup;
			children = (
				58742FDD1EFA6F1600920E21 /* NSTimer+YYAdd.h */,
				58742FDE1EFA6F1600920E21 /* NSTimer+YYAdd.m */,
			);
			path = NSTimer;
			sourceTree = "<group>";
		};
		58742FDF1EFA6F1600920E21 /* NSURL */ = {
			isa = PBXGroup;
			children = (
				58742FE01EFA6F1600920E21 /* NSURL+YYAdd.h */,
				58742FE11EFA6F1600920E21 /* NSURL+YYAdd.m */,
			);
			path = NSURL;
			sourceTree = "<group>";
		};
		58742FE21EFA6F1600920E21 /* Third_Categories */ = {
			isa = PBXGroup;
			children = (
				58742FE31EFA6F1600920E21 /* MBProgressHUD */,
			);
			path = Third_Categories;
			sourceTree = "<group>";
		};
		58742FE31EFA6F1600920E21 /* MBProgressHUD */ = {
			isa = PBXGroup;
			children = (
				58742FE41EFA6F1600920E21 /* MBProgressHUD+YYAdd.h */,
				58742FE51EFA6F1600920E21 /* MBProgressHUD+YYAdd.m */,
				58742FE61EFA6F1600920E21 /* MBProgressHUD.bundle */,
			);
			path = MBProgressHUD;
			sourceTree = "<group>";
		};
		58742FE71EFA6F1600920E21 /* UIKit_Categories */ = {
			isa = PBXGroup;
			children = (
				58742FE81EFA6F1600920E21 /* Common */,
				58742FEB1EFA6F1600920E21 /* UIApplication */,
				58742FEE1EFA6F1600920E21 /* UIBarButtonItem */,
				58742FF11EFA6F1600920E21 /* UIColor */,
				58742FF51EFA6F1600920E21 /* UIControl */,
				58742FF81EFA6F1600920E21 /* UIDevice */,
				58742FFB1EFA6F1600920E21 /* UIGestureRecognizer */,
				58742FFE1EFA6F1600920E21 /* UIImage */,
				587430011EFA6F1600920E21 /* UILabel */,
				587430041EFA6F1600920E21 /* UIScreen */,
				587430071EFA6F1600920E21 /* UIScrollView */,
				5874300A1EFA6F1600920E21 /* UITableView */,
				5874300D1EFA6F1600920E21 /* UIView */,
				587430121EFA6F1600920E21 /* UIViewController */,
			);
			path = UIKit_Categories;
			sourceTree = "<group>";
		};
		58742FE81EFA6F1600920E21 /* Common */ = {
			isa = PBXGroup;
			children = (
				58742FE91EFA6F1600920E21 /* ALActionBlockWrapper.h */,
				58742FEA1EFA6F1600920E21 /* ALActionBlockWrapper.m */,
			);
			path = Common;
			sourceTree = "<group>";
		};
		58742FEB1EFA6F1600920E21 /* UIApplication */ = {
			isa = PBXGroup;
			children = (
				58742FEC1EFA6F1600920E21 /* UIApplication+YYAdd.h */,
				58742FED1EFA6F1600920E21 /* UIApplication+YYAdd.m */,
			);
			path = UIApplication;
			sourceTree = "<group>";
		};
		58742FEE1EFA6F1600920E21 /* UIBarButtonItem */ = {
			isa = PBXGroup;
			children = (
				58742FEF1EFA6F1600920E21 /* UIBarButtonItem+YYAdd.h */,
				58742FF01EFA6F1600920E21 /* UIBarButtonItem+YYAdd.m */,
			);
			path = UIBarButtonItem;
			sourceTree = "<group>";
		};
		58742FF11EFA6F1600920E21 /* UIColor */ = {
			isa = PBXGroup;
			children = (
				58742FF21EFA6F1600920E21 /* GColor.bundle */,
				58742FF31EFA6F1600920E21 /* UIColor+YYAdd.h */,
				58742FF41EFA6F1600920E21 /* UIColor+YYAdd.m */,
			);
			path = UIColor;
			sourceTree = "<group>";
		};
		58742FF51EFA6F1600920E21 /* UIControl */ = {
			isa = PBXGroup;
			children = (
				58742FF61EFA6F1600920E21 /* UIControl+YYAdd.h */,
				58742FF71EFA6F1600920E21 /* UIControl+YYAdd.m */,
			);
			path = UIControl;
			sourceTree = "<group>";
		};
		58742FF81EFA6F1600920E21 /* UIDevice */ = {
			isa = PBXGroup;
			children = (
				58742FF91EFA6F1600920E21 /* UIDevice+YYAdd.h */,
				58742FFA1EFA6F1600920E21 /* UIDevice+YYAdd.m */,
			);
			path = UIDevice;
			sourceTree = "<group>";
		};
		58742FFB1EFA6F1600920E21 /* UIGestureRecognizer */ = {
			isa = PBXGroup;
			children = (
				58742FFC1EFA6F1600920E21 /* UIGestureRecognizer+YYAdd.h */,
				58742FFD1EFA6F1600920E21 /* UIGestureRecognizer+YYAdd.m */,
			);
			path = UIGestureRecognizer;
			sourceTree = "<group>";
		};
		58742FFE1EFA6F1600920E21 /* UIImage */ = {
			isa = PBXGroup;
			children = (
				58742FFF1EFA6F1600920E21 /* UIImage+YYAdd.h */,
				587430001EFA6F1600920E21 /* UIImage+YYAdd.m */,
			);
			path = UIImage;
			sourceTree = "<group>";
		};
		587430011EFA6F1600920E21 /* UILabel */ = {
			isa = PBXGroup;
			children = (
				587430021EFA6F1600920E21 /* UILabel+YYAdd.h */,
				587430031EFA6F1600920E21 /* UILabel+YYAdd.m */,
			);
			path = UILabel;
			sourceTree = "<group>";
		};
		587430041EFA6F1600920E21 /* UIScreen */ = {
			isa = PBXGroup;
			children = (
				587430051EFA6F1600920E21 /* UIScreen+YYAdd.h */,
				587430061EFA6F1600920E21 /* UIScreen+YYAdd.m */,
			);
			path = UIScreen;
			sourceTree = "<group>";
		};
		587430071EFA6F1600920E21 /* UIScrollView */ = {
			isa = PBXGroup;
			children = (
				587430081EFA6F1600920E21 /* UIScrollView+YYAdd.h */,
				587430091EFA6F1600920E21 /* UIScrollView+YYAdd.m */,
			);
			path = UIScrollView;
			sourceTree = "<group>";
		};
		5874300A1EFA6F1600920E21 /* UITableView */ = {
			isa = PBXGroup;
			children = (
				5874300B1EFA6F1600920E21 /* UITableView+YYAdd.h */,
				5874300C1EFA6F1600920E21 /* UITableView+YYAdd.m */,
			);
			path = UITableView;
			sourceTree = "<group>";
		};
		5874300D1EFA6F1600920E21 /* UIView */ = {
			isa = PBXGroup;
			children = (
				5874300E1EFA6F1600920E21 /* UIView+ActionHandlers.h */,
				5874300F1EFA6F1600920E21 /* UIView+ActionHandlers.m */,
				587430101EFA6F1600920E21 /* UIView+YYAdd.h */,
				587430111EFA6F1600920E21 /* UIView+YYAdd.m */,
			);
			path = UIView;
			sourceTree = "<group>";
		};
		587430121EFA6F1600920E21 /* UIViewController */ = {
			isa = PBXGroup;
			children = (
				587430131EFA6F1600920E21 /* UIViewController+YYAdd.h */,
				587430141EFA6F1600920E21 /* UIViewController+YYAdd.m */,
			);
			path = UIViewController;
			sourceTree = "<group>";
		};
		E8F82E4B874C9BFDA5149858 /* Frameworks */ = {
			isa = PBXGroup;
			children = (
				908A4208DCE8C016981DC46D /* Pods_MBALib.framework */,
			);
			name = Frameworks;
			sourceTree = "<group>";
		};
/* End PBXGroup section */

/* Begin PBXNativeTarget section */
		58742F661EFA6E6000920E21 /* MBALib */ = {
			isa = PBXNativeTarget;
			buildConfigurationList = 58742F7E1EFA6E6000920E21 /* Build configuration list for PBXNativeTarget "MBALib" */;
			buildPhases = (
				779F6423DD4B79C0CD08E787 /* [CP] Check Pods Manifest.lock */,
				58742F631EFA6E6000920E21 /* Sources */,
				58742F641EFA6E6000920E21 /* Frameworks */,
				58742F651EFA6E6000920E21 /* Resources */,
				071C723A7395205178EB7AD8 /* [CP] Embed Pods Frameworks */,
				7FB1DF8788B4AB78C37CE622 /* [CP] Copy Pods Resources */,
			);
			buildRules = (
			);
			dependencies = (
			);
			name = MBALib;
			productName = MBALib;
			productReference = 58742F671EFA6E6000920E21 /* MBALib.app */;
			productType = "com.apple.product-type.application";
		};
/* End PBXNativeTarget section */

/* Begin PBXProject section */
		58742F5F1EFA6E6000920E21 /* Project object */ = {
			isa = PBXProject;
			attributes = {
				LastUpgradeCheck = 0830;
				ORGANIZATIONNAME = zhoumin;
				TargetAttributes = {
					58742F661EFA6E6000920E21 = {
						CreatedOnToolsVersion = 8.3.2;
						DevelopmentTeam = LD6QD6F6Q7;
						ProvisioningStyle = Manual;
					};
				};
			};
			buildConfigurationList = 58742F621EFA6E6000920E21 /* Build configuration list for PBXProject "MBALib" */;
			compatibilityVersion = "Xcode 3.2";
			developmentRegion = English;
			hasScannedForEncodings = 0;
			knownRegions = (
				en,
				Base,
			);
			mainGroup = 58742F5E1EFA6E6000920E21;
			productRefGroup = 58742F681EFA6E6000920E21 /* Products */;
			projectDirPath = "";
			projectRoot = "";
			targets = (
				58742F661EFA6E6000920E21 /* MBALib */,
			);
		};
/* End PBXProject section */

/* Begin PBXResourcesBuildPhase section */
		58742F651EFA6E6000920E21 /* Resources */ = {
			isa = PBXResourcesBuildPhase;
			buildActionMask = 2147483647;
			files = (
				58742F7A1EFA6E6000920E21 /* LaunchScreen.storyboard in Resources */,
				5874303A1EFA6F1600920E21 /* MBProgressHUD.bundle in Resources */,
				58742F771EFA6E6000920E21 /* Assets.xcassets in Resources */,
				58742F751EFA6E6000920E21 /* Main.storyboard in Resources */,
				5874303E1EFA6F1600920E21 /* GColor.bundle in Resources */,
			);
			runOnlyForDeploymentPostprocessing = 0;
		};
/* End PBXResourcesBuildPhase section */

/* Begin PBXShellScriptBuildPhase section */
		071C723A7395205178EB7AD8 /* [CP] Embed Pods Frameworks */ = {
			isa = PBXShellScriptBuildPhase;
			buildActionMask = 2147483647;
			files = (
			);
			inputPaths = (
			);
			name = "[CP] Embed Pods Frameworks";
			outputPaths = (
			);
			runOnlyForDeploymentPostprocessing = 0;
			shellPath = /bin/sh;
			shellScript = "\"${SRCROOT}/Pods/Target Support Files/Pods-MBALib/Pods-MBALib-frameworks.sh\"\n";
			showEnvVarsInLog = 0;
		};
		779F6423DD4B79C0CD08E787 /* [CP] Check Pods Manifest.lock */ = {
			isa = PBXShellScriptBuildPhase;
			buildActionMask = 2147483647;
			files = (
			);
			inputPaths = (
			);
			name = "[CP] Check Pods Manifest.lock";
			outputPaths = (
			);
			runOnlyForDeploymentPostprocessing = 0;
			shellPath = /bin/sh;
			shellScript = "diff \"${PODS_PODFILE_DIR_PATH}/Podfile.lock\" \"${PODS_ROOT}/Manifest.lock\" > /dev/null\nif [ $? != 0 ] ; then\n    # print error to STDERR\n    echo \"error: The sandbox is not in sync with the Podfile.lock. Run 'pod install' or update your CocoaPods installation.\" >&2\n    exit 1\nfi\n";
			showEnvVarsInLog = 0;
		};
		7FB1DF8788B4AB78C37CE622 /* [CP] Copy Pods Resources */ = {
			isa = PBXShellScriptBuildPhase;
			buildActionMask = 2147483647;
			files = (
			);
			inputPaths = (
			);
			name = "[CP] Copy Pods Resources";
			outputPaths = (
			);
			runOnlyForDeploymentPostprocessing = 0;
			shellPath = /bin/sh;
			shellScript = "\"${SRCROOT}/Pods/Target Support Files/Pods-MBALib/Pods-MBALib-resources.sh\"\n";
			showEnvVarsInLog = 0;
		};
/* End PBXShellScriptBuildPhase section */

/* Begin PBXSourcesBuildPhase section */
		58742F631EFA6E6000920E21 /* Sources */ = {
			isa = PBXSourcesBuildPhase;
			buildActionMask = 2147483647;
			files = (
				5874301E1EFA6F1600920E21 /* NSArray+YYAdd.m in Sources */,
				587430431EFA6F1600920E21 /* UIImage+YYAdd.m in Sources */,
				5874302D1EFA6F1600920E21 /* NSObject+LogDealloc.m in Sources */,
				587430451EFA6F1600920E21 /* UIScreen+YYAdd.m in Sources */,
				587430371EFA6F1600920E21 /* NSTimer+YYAdd.m in Sources */,
				587430481EFA6F1600920E21 /* UIView+ActionHandlers.m in Sources */,
				5874303D1EFA6F1600920E21 /* UIBarButtonItem+YYAdd.m in Sources */,
				587430261EFA6F1600920E21 /* NSIndexSet+Helper.m in Sources */,
				58742F721EFA6E6000920E21 /* ViewController.m in Sources */,
				5874301D1EFA6F1600920E21 /* NSArray+Helper.m in Sources */,
				587430381EFA6F1600920E21 /* NSURL+YYAdd.m in Sources */,
				587430461EFA6F1600920E21 /* UIScrollView+YYAdd.m in Sources */,
				5874303F1EFA6F1600920E21 /* UIColor+YYAdd.m in Sources */,
				587430491EFA6F1600920E21 /* UIView+YYAdd.m in Sources */,
				587430331EFA6F1600920E21 /* NSSet+YYAdd.m in Sources */,
				587430221EFA6F1600920E21 /* NSDictionary+Helper.m in Sources */,
				587430391EFA6F1600920E21 /* MBProgressHUD+YYAdd.m in Sources */,
				5874302A1EFA6F1600920E21 /* NSNumber+YYAdd.m in Sources */,
				587430321EFA6F1600920E21 /* NSMutableSet+Helper.m in Sources */,
				587430351EFA6F1600920E21 /* NSString+Helper.m in Sources */,
				587430361EFA6F1600920E21 /* NSString+YYAdd.m in Sources */,
				587430471EFA6F1600920E21 /* UITableView+YYAdd.m in Sources */,
				587430201EFA6F1600920E21 /* NSData+YYAdd.m in Sources */,
				58742F6F1EFA6E6000920E21 /* AppDelegate.m in Sources */,
				587430341EFA6F1600920E21 /* NSString+DataDetector.m in Sources */,
				587430311EFA6F1600920E21 /* NSOrderedSet+Helper.m in Sources */,
				587430231EFA6F1600920E21 /* NSDictionary+YYAdd.m in Sources */,
				5874302E1EFA6F1600920E21 /* NSObject+ObservationHelper.m in Sources */,
				587430271EFA6F1600920E21 /* NSMutableIndexSet+Helper.m in Sources */,
				587430401EFA6F1600920E21 /* UIControl+YYAdd.m in Sources */,
				587430441EFA6F1600920E21 /* UILabel+YYAdd.m in Sources */,
				5874302F1EFA6F1600920E21 /* NSObject+YYAdd.m in Sources */,
				587430301EFA6F1600920E21 /* NSMutableOrderedSet+Helper.m in Sources */,
				587430421EFA6F1600920E21 /* UIGestureRecognizer+YYAdd.m in Sources */,
				5874302B1EFA6F1600920E21 /* NSObject+AssociatedHelper.m in Sources */,
				587430251EFA6F1600920E21 /* NSFileManager+YYAdd.m in Sources */,
				5874301F1EFA6F1600920E21 /* NSMutableArray+Helper.m in Sources */,
				5874303B1EFA6F1600920E21 /* ALActionBlockWrapper.m in Sources */,
				587430241EFA6F1600920E21 /* NSMutableDictionary+Helper.m in Sources */,
				587430411EFA6F1600920E21 /* UIDevice+YYAdd.m in Sources */,
				587430281EFA6F1600920E21 /* NSInvocation+Helper.m in Sources */,
				5874304A1EFA6F1600920E21 /* UIViewController+YYAdd.m in Sources */,
				587430211EFA6F1600920E21 /* NSDate+YYAdd.m in Sources */,
				5874302C1EFA6F1600920E21 /* NSObject+ExecutionHelper.m in Sources */,
				587430291EFA6F1600920E21 /* NSNotificationCenter+YYAdd.m in Sources */,
				5874303C1EFA6F1600920E21 /* UIApplication+YYAdd.m in Sources */,
				58742F6C1EFA6E6000920E21 /* main.m in Sources */,
			);
			runOnlyForDeploymentPostprocessing = 0;
		};
/* End PBXSourcesBuildPhase section */

/* Begin PBXVariantGroup section */
		58742F731EFA6E6000920E21 /* Main.storyboard */ = {
			isa = PBXVariantGroup;
			children = (
				58742F741EFA6E6000920E21 /* Base */,
			);
			name = Main.storyboard;
			sourceTree = "<group>";
		};
		58742F781EFA6E6000920E21 /* LaunchScreen.storyboard */ = {
			isa = PBXVariantGroup;
			children = (
				58742F791EFA6E6000920E21 /* Base */,
			);
			name = LaunchScreen.storyboard;
			sourceTree = "<group>";
		};
/* End PBXVariantGroup section */

/* Begin XCBuildConfiguration section */
		58742F7C1EFA6E6000920E21 /* Debug */ = {
			isa = XCBuildConfiguration;
			buildSettings = {
				ALWAYS_SEARCH_USER_PATHS = NO;
				CLANG_ANALYZER_NONNULL = YES;
				CLANG_ANALYZER_NUMBER_OBJECT_CONVERSION = YES_AGGRESSIVE;
				CLANG_CXX_LANGUAGE_STANDARD = "gnu++0x";
				CLANG_CXX_LIBRARY = "libc++";
				CLANG_ENABLE_MODULES = YES;
				CLANG_ENABLE_OBJC_ARC = YES;
				CLANG_WARN_BOOL_CONVERSION = YES;
				CLANG_WARN_CONSTANT_CONVERSION = YES;
				CLANG_WARN_DIRECT_OBJC_ISA_USAGE = YES_ERROR;
				CLANG_WARN_DOCUMENTATION_COMMENTS = YES;
				CLANG_WARN_EMPTY_BODY = YES;
				CLANG_WARN_ENUM_CONVERSION = YES;
				CLANG_WARN_INFINITE_RECURSION = YES;
				CLANG_WARN_INT_CONVERSION = YES;
				CLANG_WARN_OBJC_ROOT_CLASS = YES_ERROR;
				CLANG_WARN_SUSPICIOUS_MOVE = YES;
				CLANG_WARN_UNREACHABLE_CODE = YES;
				CLANG_WARN__DUPLICATE_METHOD_MATCH = YES;
				"CODE_SIGN_IDENTITY[sdk=iphoneos*]" = "iPhone Developer";
				COPY_PHASE_STRIP = NO;
				DEBUG_INFORMATION_FORMAT = dwarf;
				ENABLE_STRICT_OBJC_MSGSEND = YES;
				ENABLE_TESTABILITY = YES;
				GCC_C_LANGUAGE_STANDARD = gnu99;
				GCC_DYNAMIC_NO_PIC = NO;
				GCC_NO_COMMON_BLOCKS = YES;
				GCC_OPTIMIZATION_LEVEL = 0;
				GCC_PREPROCESSOR_DEFINITIONS = (
					"DEBUG=1",
					"$(inherited)",
				);
				GCC_WARN_64_TO_32_BIT_CONVERSION = YES;
				GCC_WARN_ABOUT_RETURN_TYPE = YES_ERROR;
				GCC_WARN_UNDECLARED_SELECTOR = YES;
				GCC_WARN_UNINITIALIZED_AUTOS = YES_AGGRESSIVE;
				GCC_WARN_UNUSED_FUNCTION = YES;
				GCC_WARN_UNUSED_VARIABLE = YES;
				IPHONEOS_DEPLOYMENT_TARGET = 9.0;
				MTL_ENABLE_DEBUG_INFO = YES;
				ONLY_ACTIVE_ARCH = YES;
				SDKROOT = iphoneos;
			};
			name = Debug;
		};
		58742F7D1EFA6E6000920E21 /* Release */ = {
			isa = XCBuildConfiguration;
			buildSettings = {
				ALWAYS_SEARCH_USER_PATHS = NO;
				CLANG_ANALYZER_NONNULL = YES;
				CLANG_ANALYZER_NUMBER_OBJECT_CONVERSION = YES_AGGRESSIVE;
				CLANG_CXX_LANGUAGE_STANDARD = "gnu++0x";
				CLANG_CXX_LIBRARY = "libc++";
				CLANG_ENABLE_MODULES = YES;
				CLANG_ENABLE_OBJC_ARC = YES;
				CLANG_WARN_BOOL_CONVERSION = YES;
				CLANG_WARN_CONSTANT_CONVERSION = YES;
				CLANG_WARN_DIRECT_OBJC_ISA_USAGE = YES_ERROR;
				CLANG_WARN_DOCUMENTATION_COMMENTS = YES;
				CLANG_WARN_EMPTY_BODY = YES;
				CLANG_WARN_ENUM_CONVERSION = YES;
				CLANG_WARN_INFINITE_RECURSION = YES;
				CLANG_WARN_INT_CONVERSION = YES;
				CLANG_WARN_OBJC_ROOT_CLASS = YES_ERROR;
				CLANG_WARN_SUSPICIOUS_MOVE = YES;
				CLANG_WARN_UNREACHABLE_CODE = YES;
				CLANG_WARN__DUPLICATE_METHOD_MATCH = YES;
				"CODE_SIGN_IDENTITY[sdk=iphoneos*]" = "iPhone Developer";
				COPY_PHASE_STRIP = NO;
				DEBUG_INFORMATION_FORMAT = "dwarf-with-dsym";
				ENABLE_NS_ASSERTIONS = NO;
				ENABLE_STRICT_OBJC_MSGSEND = YES;
				GCC_C_LANGUAGE_STANDARD = gnu99;
				GCC_NO_COMMON_BLOCKS = YES;
				GCC_WARN_64_TO_32_BIT_CONVERSION = YES;
				GCC_WARN_ABOUT_RETURN_TYPE = YES_ERROR;
				GCC_WARN_UNDECLARED_SELECTOR = YES;
				GCC_WARN_UNINITIALIZED_AUTOS = YES_AGGRESSIVE;
				GCC_WARN_UNUSED_FUNCTION = YES;
				GCC_WARN_UNUSED_VARIABLE = YES;
				IPHONEOS_DEPLOYMENT_TARGET = 9.0;
				MTL_ENABLE_DEBUG_INFO = NO;
				SDKROOT = iphoneos;
				VALIDATE_PRODUCT = YES;
			};
			name = Release;
		};
		58742F7F1EFA6E6000920E21 /* Debug */ = {
			isa = XCBuildConfiguration;
			baseConfigurationReference = 92B672F125622B2BCD37D43A /* Pods-MBALib.debug.xcconfig */;
			buildSettings = {
				ASSETCATALOG_COMPILER_APPICON_NAME = AppIcon;
				DEVELOPMENT_TEAM = LD6QD6F6Q7;
				INFOPLIST_FILE = MBALib/Info.plist;
				IPHONEOS_DEPLOYMENT_TARGET = 9.0;
				LD_RUNPATH_SEARCH_PATHS = "$(inherited) @executable_path/Frameworks";
				PRODUCT_BUNDLE_IDENTIFIER = zhou.MBALib;
				PRODUCT_NAME = "$(TARGET_NAME)";
				PROVISIONING_PROFILE = "05332a38-482d-41c7-bf87-c226cf1534a7";
				PROVISIONING_PROFILE_SPECIFIER = AllCommanyDev;
			};
			name = Debug;
		};
		58742F801EFA6E6000920E21 /* Release */ = {
			isa = XCBuildConfiguration;
			baseConfigurationReference = BF3F90ADF46C20447D320AC1 /* Pods-MBALib.release.xcconfig */;
			buildSettings = {
				ASSETCATALOG_COMPILER_APPICON_NAME = AppIcon;
				DEVELOPMENT_TEAM = "";
				INFOPLIST_FILE = MBALib/Info.plist;
				IPHONEOS_DEPLOYMENT_TARGET = 9.0;
				LD_RUNPATH_SEARCH_PATHS = "$(inherited) @executable_path/Frameworks";
				PRODUCT_BUNDLE_IDENTIFIER = zhou.MBALib;
				PRODUCT_NAME = "$(TARGET_NAME)";
				PROVISIONING_PROFILE_SPECIFIER = "";
			};
			name = Release;
		};
/* End XCBuildConfiguration section */

/* Begin XCConfigurationList section */
		58742F621EFA6E6000920E21 /* Build configuration list for PBXProject "MBALib" */ = {
			isa = XCConfigurationList;
			buildConfigurations = (
				58742F7C1EFA6E6000920E21 /* Debug */,
				58742F7D1EFA6E6000920E21 /* Release */,
			);
			defaultConfigurationIsVisible = 0;
			defaultConfigurationName = Release;
		};
		58742F7E1EFA6E6000920E21 /* Build configuration list for PBXNativeTarget "MBALib" */ = {
			isa = XCConfigurationList;
			buildConfigurations = (
				58742F7F1EFA6E6000920E21 /* Debug */,
				58742F801EFA6E6000920E21 /* Release */,
			);
			defaultConfigurationIsVisible = 0;
			defaultConfigurationName = Release;
		};
/* End XCConfigurationList section */
	};
	rootObject = 58742F5F1EFA6E6000920E21 /* Project object */;
}
