// !$*UTF8*$!
{
	archiveVersion = 1;
	classes = {
	};
	objectVersion = 46;
	objects = {

/* Begin PBXBuildFile section */
		5884BF231B2EC57400568265 /* main.m in Sources */ = {isa = PBXBuildFile; fileRef = 5884BF221B2EC57400568265 /* main.m */; };
		5884BF261B2EC57400568265 /* AppDelegate.m in Sources */ = {isa = PBXBuildFile; fileRef = 5884BF251B2EC57400568265 /* AppDelegate.m */; };
		5884BF291B2EC57400568265 /* ViewController.m in Sources */ = {isa = PBXBuildFile; fileRef = 5884BF281B2EC57400568265 /* ViewController.m */; };
		5884BF2C1B2EC57400568265 /* Main.storyboard in Resources */ = {isa = PBXBuildFile; fileRef = 5884BF2A1B2EC57400568265 /* Main.storyboard */; };
		5884BF2E1B2EC57400568265 /* Images.xcassets in Resources */ = {isa = PBXBuildFile; fileRef = 5884BF2D1B2EC57400568265 /* Images.xcassets */; };
		5884BF311B2EC57400568265 /* LaunchScreen.xib in Resources */ = {isa = PBXBuildFile; fileRef = 5884BF2F1B2EC57400568265 /* LaunchScreen.xib */; };
		5884BF3D1B2EC57400568265 /* MBALibTests.m in Sources */ = {isa = PBXBuildFile; fileRef = 5884BF3C1B2EC57400568265 /* MBALibTests.m */; };
		5884BFDD1B2EC5C000568265 /* CAAnimation+YYAdd.m in Sources */ = {isa = PBXBuildFile; fileRef = 5884BF4E1B2EC5C000568265 /* CAAnimation+YYAdd.m */; };
		5884BFDE1B2EC5C000568265 /* SKBounceAnimation.m in Sources */ = {isa = PBXBuildFile; fileRef = 5884BF501B2EC5C000568265 /* SKBounceAnimation.m */; };
		5884BFDF1B2EC5C000568265 /* EasingFunctions.m in Sources */ = {isa = PBXBuildFile; fileRef = 5884BF531B2EC5C000568265 /* EasingFunctions.m */; };
		5884BFE01B2EC5C000568265 /* UIView+EasingFunctions.m in Sources */ = {isa = PBXBuildFile; fileRef = 5884BF551B2EC5C000568265 /* UIView+EasingFunctions.m */; };
		5884BFE11B2EC5C000568265 /* ExceptionHelper.m in Sources */ = {isa = PBXBuildFile; fileRef = 5884BF581B2EC5C000568265 /* ExceptionHelper.m */; };
		5884BFE21B2EC5C000568265 /* FTAnimation+UIView.m in Sources */ = {isa = PBXBuildFile; fileRef = 5884BF5B1B2EC5C000568265 /* FTAnimation+UIView.m */; };
		5884BFE31B2EC5C000568265 /* FTAnimationManager.m in Sources */ = {isa = PBXBuildFile; fileRef = 5884BF5D1B2EC5C000568265 /* FTAnimationManager.m */; };
		5884BFE41B2EC5C000568265 /* FTUtils+NSObject.m in Sources */ = {isa = PBXBuildFile; fileRef = 5884BF5F1B2EC5C000568265 /* FTUtils+NSObject.m */; };
		5884BFE51B2EC5C000568265 /* NSArray+Helper.m in Sources */ = {isa = PBXBuildFile; fileRef = 5884BF621B2EC5C000568265 /* NSArray+Helper.m */; };
		5884BFE61B2EC5C000568265 /* NSArray+YYAdd.m in Sources */ = {isa = PBXBuildFile; fileRef = 5884BF641B2EC5C000568265 /* NSArray+YYAdd.m */; };
		5884BFE71B2EC5C000568265 /* NSMutableArray+Helper.m in Sources */ = {isa = PBXBuildFile; fileRef = 5884BF661B2EC5C000568265 /* NSMutableArray+Helper.m */; };
		5884BFE81B2EC5C000568265 /* NSData+YYAdd.m in Sources */ = {isa = PBXBuildFile; fileRef = 5884BF691B2EC5C000568265 /* NSData+YYAdd.m */; };
		5884BFE91B2EC5C000568265 /* NSDate+Helper.m in Sources */ = {isa = PBXBuildFile; fileRef = 5884BF6C1B2EC5C000568265 /* NSDate+Helper.m */; };
		5884BFEA1B2EC5C000568265 /* NSDate+YYAdd.m in Sources */ = {isa = PBXBuildFile; fileRef = 5884BF6E1B2EC5C000568265 /* NSDate+YYAdd.m */; };
		5884BFEB1B2EC5C000568265 /* NSDictionary+Helper.m in Sources */ = {isa = PBXBuildFile; fileRef = 5884BF711B2EC5C000568265 /* NSDictionary+Helper.m */; };
		5884BFEC1B2EC5C000568265 /* NSDictionary+YYAdd.m in Sources */ = {isa = PBXBuildFile; fileRef = 5884BF731B2EC5C000568265 /* NSDictionary+YYAdd.m */; };
		5884BFED1B2EC5C000568265 /* NSMutableDictionary+Helper.m in Sources */ = {isa = PBXBuildFile; fileRef = 5884BF751B2EC5C000568265 /* NSMutableDictionary+Helper.m */; };
		5884BFEE1B2EC5C000568265 /* NSFileManager+YYAdd.m in Sources */ = {isa = PBXBuildFile; fileRef = 5884BF781B2EC5C000568265 /* NSFileManager+YYAdd.m */; };
		5884BFEF1B2EC5C000568265 /* NSIndexSet+Helper.m in Sources */ = {isa = PBXBuildFile; fileRef = 5884BF7B1B2EC5C000568265 /* NSIndexSet+Helper.m */; };
		5884BFF01B2EC5C000568265 /* NSMutableIndexSet+Helper.m in Sources */ = {isa = PBXBuildFile; fileRef = 5884BF7D1B2EC5C000568265 /* NSMutableIndexSet+Helper.m */; };
		5884BFF11B2EC5C000568265 /* NSInvocation+Helper.m in Sources */ = {isa = PBXBuildFile; fileRef = 5884BF801B2EC5C000568265 /* NSInvocation+Helper.m */; };
		5884BFF21B2EC5C000568265 /* NSNotificationCenter+YYAdd.m in Sources */ = {isa = PBXBuildFile; fileRef = 5884BF831B2EC5C000568265 /* NSNotificationCenter+YYAdd.m */; };
		5884BFF31B2EC5C000568265 /* NSNumber+YYAdd.m in Sources */ = {isa = PBXBuildFile; fileRef = 5884BF861B2EC5C000568265 /* NSNumber+YYAdd.m */; };
		5884BFF41B2EC5C000568265 /* NSObject+AssociatedHelper.m in Sources */ = {isa = PBXBuildFile; fileRef = 5884BF891B2EC5C000568265 /* NSObject+AssociatedHelper.m */; };
		5884BFF51B2EC5C000568265 /* NSObject+ExecutionHelper.m in Sources */ = {isa = PBXBuildFile; fileRef = 5884BF8B1B2EC5C000568265 /* NSObject+ExecutionHelper.m */; };
		5884BFF61B2EC5C000568265 /* NSObject+LogDealloc.m in Sources */ = {isa = PBXBuildFile; fileRef = 5884BF8D1B2EC5C000568265 /* NSObject+LogDealloc.m */; };
		5884BFF71B2EC5C000568265 /* NSObject+ObservationHelper.m in Sources */ = {isa = PBXBuildFile; fileRef = 5884BF8F1B2EC5C000568265 /* NSObject+ObservationHelper.m */; };
		5884BFF81B2EC5C000568265 /* NSObject+YYAdd.m in Sources */ = {isa = PBXBuildFile; fileRef = 5884BF911B2EC5C000568265 /* NSObject+YYAdd.m */; };
		5884BFF91B2EC5C000568265 /* NSMutableOrderedSet+Helper.m in Sources */ = {isa = PBXBuildFile; fileRef = 5884BF941B2EC5C000568265 /* NSMutableOrderedSet+Helper.m */; };
		5884BFFA1B2EC5C000568265 /* NSOrderedSet+Helper.m in Sources */ = {isa = PBXBuildFile; fileRef = 5884BF961B2EC5C000568265 /* NSOrderedSet+Helper.m */; };
		5884BFFB1B2EC5C000568265 /* NSMutableSet+Helper.m in Sources */ = {isa = PBXBuildFile; fileRef = 5884BF991B2EC5C000568265 /* NSMutableSet+Helper.m */; };
		5884BFFC1B2EC5C000568265 /* NSSet+YYAdd.m in Sources */ = {isa = PBXBuildFile; fileRef = 5884BF9B1B2EC5C000568265 /* NSSet+YYAdd.m */; };
		5884BFFD1B2EC5C000568265 /* NSString+DataDetector.m in Sources */ = {isa = PBXBuildFile; fileRef = 5884BF9E1B2EC5C000568265 /* NSString+DataDetector.m */; };
		5884BFFE1B2EC5C000568265 /* NSString+Helper.m in Sources */ = {isa = PBXBuildFile; fileRef = 5884BFA01B2EC5C000568265 /* NSString+Helper.m */; };
		5884BFFF1B2EC5C000568265 /* NSString+YYAdd.m in Sources */ = {isa = PBXBuildFile; fileRef = 5884BFA21B2EC5C000568265 /* NSString+YYAdd.m */; };
		5884C0001B2EC5C000568265 /* NSTimer+YYAdd.m in Sources */ = {isa = PBXBuildFile; fileRef = 5884BFA51B2EC5C000568265 /* NSTimer+YYAdd.m */; };
		5884C0011B2EC5C000568265 /* NSURL+YYAdd.m in Sources */ = {isa = PBXBuildFile; fileRef = 5884BFA81B2EC5C000568265 /* NSURL+YYAdd.m */; };
		5884C0021B2EC5C000568265 /* ALActionBlockWrapper.m in Sources */ = {isa = PBXBuildFile; fileRef = 5884BFAC1B2EC5C000568265 /* ALActionBlockWrapper.m */; };
		5884C0031B2EC5C000568265 /* UIActionSheet+YYAdd.m in Sources */ = {isa = PBXBuildFile; fileRef = 5884BFAF1B2EC5C000568265 /* UIActionSheet+YYAdd.m */; };
		5884C0041B2EC5C000568265 /* UIAlertView+YYAdd.m in Sources */ = {isa = PBXBuildFile; fileRef = 5884BFB21B2EC5C000568265 /* UIAlertView+YYAdd.m */; };
		5884C0051B2EC5C000568265 /* UIApplication+YYAdd.m in Sources */ = {isa = PBXBuildFile; fileRef = 5884BFB51B2EC5C000568265 /* UIApplication+YYAdd.m */; };
		5884C0061B2EC5C000568265 /* UIBarButtonItem+YYAdd.m in Sources */ = {isa = PBXBuildFile; fileRef = 5884BFB81B2EC5C000568265 /* UIBarButtonItem+YYAdd.m */; };
		5884C0071B2EC5C000568265 /* GColor.bundle in Resources */ = {isa = PBXBuildFile; fileRef = 5884BFBA1B2EC5C000568265 /* GColor.bundle */; };
		5884C0081B2EC5C000568265 /* UIColor+YYAdd.m in Sources */ = {isa = PBXBuildFile; fileRef = 5884BFBC1B2EC5C000568265 /* UIColor+YYAdd.m */; };
		5884C0091B2EC5C000568265 /* UIControl+YYAdd.m in Sources */ = {isa = PBXBuildFile; fileRef = 5884BFBF1B2EC5C000568265 /* UIControl+YYAdd.m */; };
		5884C00A1B2EC5C000568265 /* UIDevice+YYAdd.m in Sources */ = {isa = PBXBuildFile; fileRef = 5884BFC21B2EC5C000568265 /* UIDevice+YYAdd.m */; };
		5884C00B1B2EC5C000568265 /* UIGestureRecognizer+YYAdd.m in Sources */ = {isa = PBXBuildFile; fileRef = 5884BFC51B2EC5C000568265 /* UIGestureRecognizer+YYAdd.m */; };
		5884C00C1B2EC5C000568265 /* UIImage+YYAdd.m in Sources */ = {isa = PBXBuildFile; fileRef = 5884BFC81B2EC5C000568265 /* UIImage+YYAdd.m */; };
		5884C00D1B2EC5C000568265 /* UILabel+YYAdd.m in Sources */ = {isa = PBXBuildFile; fileRef = 5884BFCB1B2EC5C000568265 /* UILabel+YYAdd.m */; };
		5884C00E1B2EC5C000568265 /* UIScreen+YYAdd.m in Sources */ = {isa = PBXBuildFile; fileRef = 5884BFCE1B2EC5C000568265 /* UIScreen+YYAdd.m */; };
		5884C00F1B2EC5C000568265 /* UIScrollView+YYAdd.m in Sources */ = {isa = PBXBuildFile; fileRef = 5884BFD11B2EC5C000568265 /* UIScrollView+YYAdd.m */; };
		5884C0101B2EC5C000568265 /* UITableView+YYAdd.m in Sources */ = {isa = PBXBuildFile; fileRef = 5884BFD41B2EC5C000568265 /* UITableView+YYAdd.m */; };
		5884C0111B2EC5C000568265 /* UIView+ActionHandlers.m in Sources */ = {isa = PBXBuildFile; fileRef = 5884BFD71B2EC5C000568265 /* UIView+ActionHandlers.m */; };
		5884C0121B2EC5C000568265 /* UIView+YYAdd.m in Sources */ = {isa = PBXBuildFile; fileRef = 5884BFD91B2EC5C000568265 /* UIView+YYAdd.m */; };
		5884C0131B2EC5C000568265 /* UIViewController+YYAdd.m in Sources */ = {isa = PBXBuildFile; fileRef = 5884BFDC1B2EC5C000568265 /* UIViewController+YYAdd.m */; };
		5884C01D1B2ECDBF00568265 /* MBProgressHUD+YYAdd.m in Sources */ = {isa = PBXBuildFile; fileRef = 5884C01B1B2ECDBF00568265 /* MBProgressHUD+YYAdd.m */; };
		5884C01E1B2ECDBF00568265 /* MBProgressHUD.bundle in Resources */ = {isa = PBXBuildFile; fileRef = 5884C01C1B2ECDBF00568265 /* MBProgressHUD.bundle */; };
		654C069998BF8854D88FF633 /* libPods.a in Frameworks */ = {isa = PBXBuildFile; fileRef = A21D6AB82127DC1B77A44FBC /* libPods.a */; };
/* End PBXBuildFile section */

/* Begin PBXContainerItemProxy section */
		5884BF371B2EC57400568265 /* PBXContainerItemProxy */ = {
			isa = PBXContainerItemProxy;
			containerPortal = 5884BF151B2EC57400568265 /* Project object */;
			proxyType = 1;
			remoteGlobalIDString = 5884BF1C1B2EC57400568265;
			remoteInfo = MBALib;
		};
/* End PBXContainerItemProxy section */

/* Begin PBXFileReference section */
		3CDD28AFBE80E9A0CA8D6B8A /* Pods.release.xcconfig */ = {isa = PBXFileReference; includeInIndex = 1; lastKnownFileType = text.xcconfig; name = Pods.release.xcconfig; path = "Pods/Target Support Files/Pods/Pods.release.xcconfig"; sourceTree = "<group>"; };
		5884BF1D1B2EC57400568265 /* MBALib.app */ = {isa = PBXFileReference; explicitFileType = wrapper.application; includeInIndex = 0; path = MBALib.app; sourceTree = BUILT_PRODUCTS_DIR; };
		5884BF211B2EC57400568265 /* Info.plist */ = {isa = PBXFileReference; lastKnownFileType = text.plist.xml; path = Info.plist; sourceTree = "<group>"; };
		5884BF221B2EC57400568265 /* main.m */ = {isa = PBXFileReference; lastKnownFileType = sourcecode.c.objc; path = main.m; sourceTree = "<group>"; };
		5884BF241B2EC57400568265 /* AppDelegate.h */ = {isa = PBXFileReference; lastKnownFileType = sourcecode.c.h; path = AppDelegate.h; sourceTree = "<group>"; };
		5884BF251B2EC57400568265 /* AppDelegate.m */ = {isa = PBXFileReference; lastKnownFileType = sourcecode.c.objc; path = AppDelegate.m; sourceTree = "<group>"; };
		5884BF271B2EC57400568265 /* ViewController.h */ = {isa = PBXFileReference; lastKnownFileType = sourcecode.c.h; path = ViewController.h; sourceTree = "<group>"; };
		5884BF281B2EC57400568265 /* ViewController.m */ = {isa = PBXFileReference; lastKnownFileType = sourcecode.c.objc; path = ViewController.m; sourceTree = "<group>"; };
		5884BF2B1B2EC57400568265 /* Base */ = {isa = PBXFileReference; lastKnownFileType = file.storyboard; name = Base; path = Base.lproj/Main.storyboard; sourceTree = "<group>"; };
		5884BF2D1B2EC57400568265 /* Images.xcassets */ = {isa = PBXFileReference; lastKnownFileType = folder.assetcatalog; path = Images.xcassets; sourceTree = "<group>"; };
		5884BF301B2EC57400568265 /* Base */ = {isa = PBXFileReference; lastKnownFileType = file.xib; name = Base; path = Base.lproj/LaunchScreen.xib; sourceTree = "<group>"; };
		5884BF361B2EC57400568265 /* MBALibTests.xctest */ = {isa = PBXFileReference; explicitFileType = wrapper.cfbundle; includeInIndex = 0; path = MBALibTests.xctest; sourceTree = BUILT_PRODUCTS_DIR; };
		5884BF3B1B2EC57400568265 /* Info.plist */ = {isa = PBXFileReference; lastKnownFileType = text.plist.xml; path = Info.plist; sourceTree = "<group>"; };
		5884BF3C1B2EC57400568265 /* MBALibTests.m */ = {isa = PBXFileReference; lastKnownFileType = sourcecode.c.objc; path = MBALibTests.m; sourceTree = "<group>"; };
		5884BF481B2EC5C000568265 /* Singleton.h */ = {isa = PBXFileReference; fileEncoding = 4; lastKnownFileType = sourcecode.c.h; path = Singleton.h; sourceTree = "<group>"; };
		5884BF491B2EC5C000568265 /* YYKit.h */ = {isa = PBXFileReference; fileEncoding = 4; lastKnownFileType = sourcecode.c.h; path = YYKit.h; sourceTree = "<group>"; };
		5884BF4A1B2EC5C000568265 /* YYKitMacro.h */ = {isa = PBXFileReference; fileEncoding = 4; lastKnownFileType = sourcecode.c.h; path = YYKitMacro.h; sourceTree = "<group>"; };
		5884BF4D1B2EC5C000568265 /* CAAnimation+YYAdd.h */ = {isa = PBXFileReference; fileEncoding = 4; lastKnownFileType = sourcecode.c.h; path = "CAAnimation+YYAdd.h"; sourceTree = "<group>"; };
		5884BF4E1B2EC5C000568265 /* CAAnimation+YYAdd.m */ = {isa = PBXFileReference; fileEncoding = 4; lastKnownFileType = sourcecode.c.objc; path = "CAAnimation+YYAdd.m"; sourceTree = "<group>"; };
		5884BF4F1B2EC5C000568265 /* SKBounceAnimation.h */ = {isa = PBXFileReference; fileEncoding = 4; lastKnownFileType = sourcecode.c.h; path = SKBounceAnimation.h; sourceTree = "<group>"; };
		5884BF501B2EC5C000568265 /* SKBounceAnimation.m */ = {isa = PBXFileReference; fileEncoding = 4; lastKnownFileType = sourcecode.c.objc; path = SKBounceAnimation.m; sourceTree = "<group>"; };
		5884BF521B2EC5C000568265 /* EasingFunctions.h */ = {isa = PBXFileReference; fileEncoding = 4; lastKnownFileType = sourcecode.c.h; path = EasingFunctions.h; sourceTree = "<group>"; };
		5884BF531B2EC5C000568265 /* EasingFunctions.m */ = {isa = PBXFileReference; fileEncoding = 4; lastKnownFileType = sourcecode.c.objc; path = EasingFunctions.m; sourceTree = "<group>"; };
		5884BF541B2EC5C000568265 /* UIView+EasingFunctions.h */ = {isa = PBXFileReference; fileEncoding = 4; lastKnownFileType = sourcecode.c.h; path = "UIView+EasingFunctions.h"; sourceTree = "<group>"; };
		5884BF551B2EC5C000568265 /* UIView+EasingFunctions.m */ = {isa = PBXFileReference; fileEncoding = 4; lastKnownFileType = sourcecode.c.objc; path = "UIView+EasingFunctions.m"; sourceTree = "<group>"; };
		5884BF571B2EC5C000568265 /* ExceptionHelper.h */ = {isa = PBXFileReference; fileEncoding = 4; lastKnownFileType = sourcecode.c.h; path = ExceptionHelper.h; sourceTree = "<group>"; };
		5884BF581B2EC5C000568265 /* ExceptionHelper.m */ = {isa = PBXFileReference; fileEncoding = 4; lastKnownFileType = sourcecode.c.objc; path = ExceptionHelper.m; sourceTree = "<group>"; };
		5884BF5A1B2EC5C000568265 /* FTAnimation+UIView.h */ = {isa = PBXFileReference; fileEncoding = 4; lastKnownFileType = sourcecode.c.h; path = "FTAnimation+UIView.h"; sourceTree = "<group>"; };
		5884BF5B1B2EC5C000568265 /* FTAnimation+UIView.m */ = {isa = PBXFileReference; fileEncoding = 4; lastKnownFileType = sourcecode.c.objc; path = "FTAnimation+UIView.m"; sourceTree = "<group>"; };
		5884BF5C1B2EC5C000568265 /* FTAnimationManager.h */ = {isa = PBXFileReference; fileEncoding = 4; lastKnownFileType = sourcecode.c.h; path = FTAnimationManager.h; sourceTree = "<group>"; };
		5884BF5D1B2EC5C000568265 /* FTAnimationManager.m */ = {isa = PBXFileReference; fileEncoding = 4; lastKnownFileType = sourcecode.c.objc; path = FTAnimationManager.m; sourceTree = "<group>"; };
		5884BF5E1B2EC5C000568265 /* FTUtils+NSObject.h */ = {isa = PBXFileReference; fileEncoding = 4; lastKnownFileType = sourcecode.c.h; path = "FTUtils+NSObject.h"; sourceTree = "<group>"; };
		5884BF5F1B2EC5C000568265 /* FTUtils+NSObject.m */ = {isa = PBXFileReference; fileEncoding = 4; lastKnownFileType = sourcecode.c.objc; path = "FTUtils+NSObject.m"; sourceTree = "<group>"; };
		5884BF611B2EC5C000568265 /* NSArray+Helper.h */ = {isa = PBXFileReference; fileEncoding = 4; lastKnownFileType = sourcecode.c.h; path = "NSArray+Helper.h"; sourceTree = "<group>"; };
		5884BF621B2EC5C000568265 /* NSArray+Helper.m */ = {isa = PBXFileReference; fileEncoding = 4; lastKnownFileType = sourcecode.c.objc; path = "NSArray+Helper.m"; sourceTree = "<group>"; };
		5884BF631B2EC5C000568265 /* NSArray+YYAdd.h */ = {isa = PBXFileReference; fileEncoding = 4; lastKnownFileType = sourcecode.c.h; path = "NSArray+YYAdd.h"; sourceTree = "<group>"; };
		5884BF641B2EC5C000568265 /* NSArray+YYAdd.m */ = {isa = PBXFileReference; fileEncoding = 4; lastKnownFileType = sourcecode.c.objc; path = "NSArray+YYAdd.m"; sourceTree = "<group>"; };
		5884BF651B2EC5C000568265 /* NSMutableArray+Helper.h */ = {isa = PBXFileReference; fileEncoding = 4; lastKnownFileType = sourcecode.c.h; path = "NSMutableArray+Helper.h"; sourceTree = "<group>"; };
		5884BF661B2EC5C000568265 /* NSMutableArray+Helper.m */ = {isa = PBXFileReference; fileEncoding = 4; lastKnownFileType = sourcecode.c.objc; path = "NSMutableArray+Helper.m"; sourceTree = "<group>"; };
		5884BF681B2EC5C000568265 /* NSData+YYAdd.h */ = {isa = PBXFileReference; fileEncoding = 4; lastKnownFileType = sourcecode.c.h; path = "NSData+YYAdd.h"; sourceTree = "<group>"; };
		5884BF691B2EC5C000568265 /* NSData+YYAdd.m */ = {isa = PBXFileReference; fileEncoding = 4; lastKnownFileType = sourcecode.c.objc; path = "NSData+YYAdd.m"; sourceTree = "<group>"; };
		5884BF6B1B2EC5C000568265 /* NSDate+Helper.h */ = {isa = PBXFileReference; fileEncoding = 4; lastKnownFileType = sourcecode.c.h; path = "NSDate+Helper.h"; sourceTree = "<group>"; };
		5884BF6C1B2EC5C000568265 /* NSDate+Helper.m */ = {isa = PBXFileReference; fileEncoding = 4; lastKnownFileType = sourcecode.c.objc; path = "NSDate+Helper.m"; sourceTree = "<group>"; };
		5884BF6D1B2EC5C000568265 /* NSDate+YYAdd.h */ = {isa = PBXFileReference; fileEncoding = 4; lastKnownFileType = sourcecode.c.h; path = "NSDate+YYAdd.h"; sourceTree = "<group>"; };
		5884BF6E1B2EC5C000568265 /* NSDate+YYAdd.m */ = {isa = PBXFileReference; fileEncoding = 4; lastKnownFileType = sourcecode.c.objc; path = "NSDate+YYAdd.m"; sourceTree = "<group>"; };
		5884BF701B2EC5C000568265 /* NSDictionary+Helper.h */ = {isa = PBXFileReference; fileEncoding = 4; lastKnownFileType = sourcecode.c.h; path = "NSDictionary+Helper.h"; sourceTree = "<group>"; };
		5884BF711B2EC5C000568265 /* NSDictionary+Helper.m */ = {isa = PBXFileReference; fileEncoding = 4; lastKnownFileType = sourcecode.c.objc; path = "NSDictionary+Helper.m"; sourceTree = "<group>"; };
		5884BF721B2EC5C000568265 /* NSDictionary+YYAdd.h */ = {isa = PBXFileReference; fileEncoding = 4; lastKnownFileType = sourcecode.c.h; path = "NSDictionary+YYAdd.h"; sourceTree = "<group>"; };
		5884BF731B2EC5C000568265 /* NSDictionary+YYAdd.m */ = {isa = PBXFileReference; fileEncoding = 4; lastKnownFileType = sourcecode.c.objc; path = "NSDictionary+YYAdd.m"; sourceTree = "<group>"; };
		5884BF741B2EC5C000568265 /* NSMutableDictionary+Helper.h */ = {isa = PBXFileReference; fileEncoding = 4; lastKnownFileType = sourcecode.c.h; path = "NSMutableDictionary+Helper.h"; sourceTree = "<group>"; };
		5884BF751B2EC5C000568265 /* NSMutableDictionary+Helper.m */ = {isa = PBXFileReference; fileEncoding = 4; lastKnownFileType = sourcecode.c.objc; path = "NSMutableDictionary+Helper.m"; sourceTree = "<group>"; };
		5884BF771B2EC5C000568265 /* NSFileManager+YYAdd.h */ = {isa = PBXFileReference; fileEncoding = 4; lastKnownFileType = sourcecode.c.h; path = "NSFileManager+YYAdd.h"; sourceTree = "<group>"; };
		5884BF781B2EC5C000568265 /* NSFileManager+YYAdd.m */ = {isa = PBXFileReference; fileEncoding = 4; lastKnownFileType = sourcecode.c.objc; path = "NSFileManager+YYAdd.m"; sourceTree = "<group>"; };
		5884BF7A1B2EC5C000568265 /* NSIndexSet+Helper.h */ = {isa = PBXFileReference; fileEncoding = 4; lastKnownFileType = sourcecode.c.h; path = "NSIndexSet+Helper.h"; sourceTree = "<group>"; };
		5884BF7B1B2EC5C000568265 /* NSIndexSet+Helper.m */ = {isa = PBXFileReference; fileEncoding = 4; lastKnownFileType = sourcecode.c.objc; path = "NSIndexSet+Helper.m"; sourceTree = "<group>"; };
		5884BF7C1B2EC5C000568265 /* NSMutableIndexSet+Helper.h */ = {isa = PBXFileReference; fileEncoding = 4; lastKnownFileType = sourcecode.c.h; path = "NSMutableIndexSet+Helper.h"; sourceTree = "<group>"; };
		5884BF7D1B2EC5C000568265 /* NSMutableIndexSet+Helper.m */ = {isa = PBXFileReference; fileEncoding = 4; lastKnownFileType = sourcecode.c.objc; path = "NSMutableIndexSet+Helper.m"; sourceTree = "<group>"; };
		5884BF7F1B2EC5C000568265 /* NSInvocation+Helper.h */ = {isa = PBXFileReference; fileEncoding = 4; lastKnownFileType = sourcecode.c.h; path = "NSInvocation+Helper.h"; sourceTree = "<group>"; };
		5884BF801B2EC5C000568265 /* NSInvocation+Helper.m */ = {isa = PBXFileReference; fileEncoding = 4; lastKnownFileType = sourcecode.c.objc; path = "NSInvocation+Helper.m"; sourceTree = "<group>"; };
		5884BF821B2EC5C000568265 /* NSNotificationCenter+YYAdd.h */ = {isa = PBXFileReference; fileEncoding = 4; lastKnownFileType = sourcecode.c.h; path = "NSNotificationCenter+YYAdd.h"; sourceTree = "<group>"; };
		5884BF831B2EC5C000568265 /* NSNotificationCenter+YYAdd.m */ = {isa = PBXFileReference; fileEncoding = 4; lastKnownFileType = sourcecode.c.objc; path = "NSNotificationCenter+YYAdd.m"; sourceTree = "<group>"; };
		5884BF851B2EC5C000568265 /* NSNumber+YYAdd.h */ = {isa = PBXFileReference; fileEncoding = 4; lastKnownFileType = sourcecode.c.h; path = "NSNumber+YYAdd.h"; sourceTree = "<group>"; };
		5884BF861B2EC5C000568265 /* NSNumber+YYAdd.m */ = {isa = PBXFileReference; fileEncoding = 4; lastKnownFileType = sourcecode.c.objc; path = "NSNumber+YYAdd.m"; sourceTree = "<group>"; };
		5884BF881B2EC5C000568265 /* NSObject+AssociatedHelper.h */ = {isa = PBXFileReference; fileEncoding = 4; lastKnownFileType = sourcecode.c.h; path = "NSObject+AssociatedHelper.h"; sourceTree = "<group>"; };
		5884BF891B2EC5C000568265 /* NSObject+AssociatedHelper.m */ = {isa = PBXFileReference; fileEncoding = 4; lastKnownFileType = sourcecode.c.objc; path = "NSObject+AssociatedHelper.m"; sourceTree = "<group>"; };
		5884BF8A1B2EC5C000568265 /* NSObject+ExecutionHelper.h */ = {isa = PBXFileReference; fileEncoding = 4; lastKnownFileType = sourcecode.c.h; path = "NSObject+ExecutionHelper.h"; sourceTree = "<group>"; };
		5884BF8B1B2EC5C000568265 /* NSObject+ExecutionHelper.m */ = {isa = PBXFileReference; fileEncoding = 4; lastKnownFileType = sourcecode.c.objc; path = "NSObject+ExecutionHelper.m"; sourceTree = "<group>"; };
		5884BF8C1B2EC5C000568265 /* NSObject+LogDealloc.h */ = {isa = PBXFileReference; fileEncoding = 4; lastKnownFileType = sourcecode.c.h; path = "NSObject+LogDealloc.h"; sourceTree = "<group>"; };
		5884BF8D1B2EC5C000568265 /* NSObject+LogDealloc.m */ = {isa = PBXFileReference; fileEncoding = 4; lastKnownFileType = sourcecode.c.objc; path = "NSObject+LogDealloc.m"; sourceTree = "<group>"; };
		5884BF8E1B2EC5C000568265 /* NSObject+ObservationHelper.h */ = {isa = PBXFileReference; fileEncoding = 4; lastKnownFileType = sourcecode.c.h; path = "NSObject+ObservationHelper.h"; sourceTree = "<group>"; };
		5884BF8F1B2EC5C000568265 /* NSObject+ObservationHelper.m */ = {isa = PBXFileReference; fileEncoding = 4; lastKnownFileType = sourcecode.c.objc; path = "NSObject+ObservationHelper.m"; sourceTree = "<group>"; };
		5884BF901B2EC5C000568265 /* NSObject+YYAdd.h */ = {isa = PBXFileReference; fileEncoding = 4; lastKnownFileType = sourcecode.c.h; path = "NSObject+YYAdd.h"; sourceTree = "<group>"; };
		5884BF911B2EC5C000568265 /* NSObject+YYAdd.m */ = {isa = PBXFileReference; fileEncoding = 4; lastKnownFileType = sourcecode.c.objc; path = "NSObject+YYAdd.m"; sourceTree = "<group>"; };
		5884BF931B2EC5C000568265 /* NSMutableOrderedSet+Helper.h */ = {isa = PBXFileReference; fileEncoding = 4; lastKnownFileType = sourcecode.c.h; path = "NSMutableOrderedSet+Helper.h"; sourceTree = "<group>"; };
		5884BF941B2EC5C000568265 /* NSMutableOrderedSet+Helper.m */ = {isa = PBXFileReference; fileEncoding = 4; lastKnownFileType = sourcecode.c.objc; path = "NSMutableOrderedSet+Helper.m"; sourceTree = "<group>"; };
		5884BF951B2EC5C000568265 /* NSOrderedSet+Helper.h */ = {isa = PBXFileReference; fileEncoding = 4; lastKnownFileType = sourcecode.c.h; path = "NSOrderedSet+Helper.h"; sourceTree = "<group>"; };
		5884BF961B2EC5C000568265 /* NSOrderedSet+Helper.m */ = {isa = PBXFileReference; fileEncoding = 4; lastKnownFileType = sourcecode.c.objc; path = "NSOrderedSet+Helper.m"; sourceTree = "<group>"; };
		5884BF981B2EC5C000568265 /* NSMutableSet+Helper.h */ = {isa = PBXFileReference; fileEncoding = 4; lastKnownFileType = sourcecode.c.h; path = "NSMutableSet+Helper.h"; sourceTree = "<group>"; };
		5884BF991B2EC5C000568265 /* NSMutableSet+Helper.m */ = {isa = PBXFileReference; fileEncoding = 4; lastKnownFileType = sourcecode.c.objc; path = "NSMutableSet+Helper.m"; sourceTree = "<group>"; };
		5884BF9A1B2EC5C000568265 /* NSSet+YYAdd.h */ = {isa = PBXFileReference; fileEncoding = 4; lastKnownFileType = sourcecode.c.h; path = "NSSet+YYAdd.h"; sourceTree = "<group>"; };
		5884BF9B1B2EC5C000568265 /* NSSet+YYAdd.m */ = {isa = PBXFileReference; fileEncoding = 4; lastKnownFileType = sourcecode.c.objc; path = "NSSet+YYAdd.m"; sourceTree = "<group>"; };
		5884BF9D1B2EC5C000568265 /* NSString+DataDetector.h */ = {isa = PBXFileReference; fileEncoding = 4; lastKnownFileType = sourcecode.c.h; path = "NSString+DataDetector.h"; sourceTree = "<group>"; };
		5884BF9E1B2EC5C000568265 /* NSString+DataDetector.m */ = {isa = PBXFileReference; fileEncoding = 4; lastKnownFileType = sourcecode.c.objc; path = "NSString+DataDetector.m"; sourceTree = "<group>"; };
		5884BF9F1B2EC5C000568265 /* NSString+Helper.h */ = {isa = PBXFileReference; fileEncoding = 4; lastKnownFileType = sourcecode.c.h; path = "NSString+Helper.h"; sourceTree = "<group>"; };
		5884BFA01B2EC5C000568265 /* NSString+Helper.m */ = {isa = PBXFileReference; fileEncoding = 4; lastKnownFileType = sourcecode.c.objc; path = "NSString+Helper.m"; sourceTree = "<group>"; };
		5884BFA11B2EC5C000568265 /* NSString+YYAdd.h */ = {isa = PBXFileReference; fileEncoding = 4; lastKnownFileType = sourcecode.c.h; path = "NSString+YYAdd.h"; sourceTree = "<group>"; };
		5884BFA21B2EC5C000568265 /* NSString+YYAdd.m */ = {isa = PBXFileReference; fileEncoding = 4; lastKnownFileType = sourcecode.c.objc; path = "NSString+YYAdd.m"; sourceTree = "<group>"; };
		5884BFA41B2EC5C000568265 /* NSTimer+YYAdd.h */ = {isa = PBXFileReference; fileEncoding = 4; lastKnownFileType = sourcecode.c.h; path = "NSTimer+YYAdd.h"; sourceTree = "<group>"; };
		5884BFA51B2EC5C000568265 /* NSTimer+YYAdd.m */ = {isa = PBXFileReference; fileEncoding = 4; lastKnownFileType = sourcecode.c.objc; path = "NSTimer+YYAdd.m"; sourceTree = "<group>"; };
		5884BFA71B2EC5C000568265 /* NSURL+YYAdd.h */ = {isa = PBXFileReference; fileEncoding = 4; lastKnownFileType = sourcecode.c.h; path = "NSURL+YYAdd.h"; sourceTree = "<group>"; };
		5884BFA81B2EC5C000568265 /* NSURL+YYAdd.m */ = {isa = PBXFileReference; fileEncoding = 4; lastKnownFileType = sourcecode.c.objc; path = "NSURL+YYAdd.m"; sourceTree = "<group>"; };
		5884BFAB1B2EC5C000568265 /* ALActionBlockWrapper.h */ = {isa = PBXFileReference; fileEncoding = 4; lastKnownFileType = sourcecode.c.h; path = ALActionBlockWrapper.h; sourceTree = "<group>"; };
		5884BFAC1B2EC5C000568265 /* ALActionBlockWrapper.m */ = {isa = PBXFileReference; fileEncoding = 4; lastKnownFileType = sourcecode.c.objc; path = ALActionBlockWrapper.m; sourceTree = "<group>"; };
		5884BFAE1B2EC5C000568265 /* UIActionSheet+YYAdd.h */ = {isa = PBXFileReference; fileEncoding = 4; lastKnownFileType = sourcecode.c.h; path = "UIActionSheet+YYAdd.h"; sourceTree = "<group>"; };
		5884BFAF1B2EC5C000568265 /* UIActionSheet+YYAdd.m */ = {isa = PBXFileReference; fileEncoding = 4; lastKnownFileType = sourcecode.c.objc; path = "UIActionSheet+YYAdd.m"; sourceTree = "<group>"; };
		5884BFB11B2EC5C000568265 /* UIAlertView+YYAdd.h */ = {isa = PBXFileReference; fileEncoding = 4; lastKnownFileType = sourcecode.c.h; path = "UIAlertView+YYAdd.h"; sourceTree = "<group>"; };
		5884BFB21B2EC5C000568265 /* UIAlertView+YYAdd.m */ = {isa = PBXFileReference; fileEncoding = 4; lastKnownFileType = sourcecode.c.objc; path = "UIAlertView+YYAdd.m"; sourceTree = "<group>"; };
		5884BFB41B2EC5C000568265 /* UIApplication+YYAdd.h */ = {isa = PBXFileReference; fileEncoding = 4; lastKnownFileType = sourcecode.c.h; path = "UIApplication+YYAdd.h"; sourceTree = "<group>"; };
		5884BFB51B2EC5C000568265 /* UIApplication+YYAdd.m */ = {isa = PBXFileReference; fileEncoding = 4; lastKnownFileType = sourcecode.c.objc; path = "UIApplication+YYAdd.m"; sourceTree = "<group>"; };
		5884BFB71B2EC5C000568265 /* UIBarButtonItem+YYAdd.h */ = {isa = PBXFileReference; fileEncoding = 4; lastKnownFileType = sourcecode.c.h; path = "UIBarButtonItem+YYAdd.h"; sourceTree = "<group>"; };
		5884BFB81B2EC5C000568265 /* UIBarButtonItem+YYAdd.m */ = {isa = PBXFileReference; fileEncoding = 4; lastKnownFileType = sourcecode.c.objc; path = "UIBarButtonItem+YYAdd.m"; sourceTree = "<group>"; };
		5884BFBA1B2EC5C000568265 /* GColor.bundle */ = {isa = PBXFileReference; lastKnownFileType = "wrapper.plug-in"; path = GColor.bundle; sourceTree = "<group>"; };
		5884BFBB1B2EC5C000568265 /* UIColor+YYAdd.h */ = {isa = PBXFileReference; fileEncoding = 4; lastKnownFileType = sourcecode.c.h; path = "UIColor+YYAdd.h"; sourceTree = "<group>"; };
		5884BFBC1B2EC5C000568265 /* UIColor+YYAdd.m */ = {isa = PBXFileReference; fileEncoding = 4; lastKnownFileType = sourcecode.c.objc; path = "UIColor+YYAdd.m"; sourceTree = "<group>"; };
		5884BFBE1B2EC5C000568265 /* UIControl+YYAdd.h */ = {isa = PBXFileReference; fileEncoding = 4; lastKnownFileType = sourcecode.c.h; path = "UIControl+YYAdd.h"; sourceTree = "<group>"; };
		5884BFBF1B2EC5C000568265 /* UIControl+YYAdd.m */ = {isa = PBXFileReference; fileEncoding = 4; lastKnownFileType = sourcecode.c.objc; path = "UIControl+YYAdd.m"; sourceTree = "<group>"; };
		5884BFC11B2EC5C000568265 /* UIDevice+YYAdd.h */ = {isa = PBXFileReference; fileEncoding = 4; lastKnownFileType = sourcecode.c.h; path = "UIDevice+YYAdd.h"; sourceTree = "<group>"; };
		5884BFC21B2EC5C000568265 /* UIDevice+YYAdd.m */ = {isa = PBXFileReference; fileEncoding = 4; lastKnownFileType = sourcecode.c.objc; path = "UIDevice+YYAdd.m"; sourceTree = "<group>"; };
		5884BFC41B2EC5C000568265 /* UIGestureRecognizer+YYAdd.h */ = {isa = PBXFileReference; fileEncoding = 4; lastKnownFileType = sourcecode.c.h; path = "UIGestureRecognizer+YYAdd.h"; sourceTree = "<group>"; };
		5884BFC51B2EC5C000568265 /* UIGestureRecognizer+YYAdd.m */ = {isa = PBXFileReference; fileEncoding = 4; lastKnownFileType = sourcecode.c.objc; path = "UIGestureRecognizer+YYAdd.m"; sourceTree = "<group>"; };
		5884BFC71B2EC5C000568265 /* UIImage+YYAdd.h */ = {isa = PBXFileReference; fileEncoding = 4; lastKnownFileType = sourcecode.c.h; path = "UIImage+YYAdd.h"; sourceTree = "<group>"; };
		5884BFC81B2EC5C000568265 /* UIImage+YYAdd.m */ = {isa = PBXFileReference; fileEncoding = 4; lastKnownFileType = sourcecode.c.objc; path = "UIImage+YYAdd.m"; sourceTree = "<group>"; };
		5884BFCA1B2EC5C000568265 /* UILabel+YYAdd.h */ = {isa = PBXFileReference; fileEncoding = 4; lastKnownFileType = sourcecode.c.h; path = "UILabel+YYAdd.h"; sourceTree = "<group>"; };
		5884BFCB1B2EC5C000568265 /* UILabel+YYAdd.m */ = {isa = PBXFileReference; fileEncoding = 4; lastKnownFileType = sourcecode.c.objc; path = "UILabel+YYAdd.m"; sourceTree = "<group>"; };
		5884BFCD1B2EC5C000568265 /* UIScreen+YYAdd.h */ = {isa = PBXFileReference; fileEncoding = 4; lastKnownFileType = sourcecode.c.h; path = "UIScreen+YYAdd.h"; sourceTree = "<group>"; };
		5884BFCE1B2EC5C000568265 /* UIScreen+YYAdd.m */ = {isa = PBXFileReference; fileEncoding = 4; lastKnownFileType = sourcecode.c.objc; path = "UIScreen+YYAdd.m"; sourceTree = "<group>"; };
		5884BFD01B2EC5C000568265 /* UIScrollView+YYAdd.h */ = {isa = PBXFileReference; fileEncoding = 4; lastKnownFileType = sourcecode.c.h; path = "UIScrollView+YYAdd.h"; sourceTree = "<group>"; };
		5884BFD11B2EC5C000568265 /* UIScrollView+YYAdd.m */ = {isa = PBXFileReference; fileEncoding = 4; lastKnownFileType = sourcecode.c.objc; path = "UIScrollView+YYAdd.m"; sourceTree = "<group>"; };
		5884BFD31B2EC5C000568265 /* UITableView+YYAdd.h */ = {isa = PBXFileReference; fileEncoding = 4; lastKnownFileType = sourcecode.c.h; path = "UITableView+YYAdd.h"; sourceTree = "<group>"; };
		5884BFD41B2EC5C000568265 /* UITableView+YYAdd.m */ = {isa = PBXFileReference; fileEncoding = 4; lastKnownFileType = sourcecode.c.objc; path = "UITableView+YYAdd.m"; sourceTree = "<group>"; };
		5884BFD61B2EC5C000568265 /* UIView+ActionHandlers.h */ = {isa = PBXFileReference; fileEncoding = 4; lastKnownFileType = sourcecode.c.h; path = "UIView+ActionHandlers.h"; sourceTree = "<group>"; };
		5884BFD71B2EC5C000568265 /* UIView+ActionHandlers.m */ = {isa = PBXFileReference; fileEncoding = 4; lastKnownFileType = sourcecode.c.objc; path = "UIView+ActionHandlers.m"; sourceTree = "<group>"; };
		5884BFD81B2EC5C000568265 /* UIView+YYAdd.h */ = {isa = PBXFileReference; fileEncoding = 4; lastKnownFileType = sourcecode.c.h; path = "UIView+YYAdd.h"; sourceTree = "<group>"; };
		5884BFD91B2EC5C000568265 /* UIView+YYAdd.m */ = {isa = PBXFileReference; fileEncoding = 4; lastKnownFileType = sourcecode.c.objc; path = "UIView+YYAdd.m"; sourceTree = "<group>"; };
		5884BFDB1B2EC5C000568265 /* UIViewController+YYAdd.h */ = {isa = PBXFileReference; fileEncoding = 4; lastKnownFileType = sourcecode.c.h; path = "UIViewController+YYAdd.h"; sourceTree = "<group>"; };
		5884BFDC1B2EC5C000568265 /* UIViewController+YYAdd.m */ = {isa = PBXFileReference; fileEncoding = 4; lastKnownFileType = sourcecode.c.objc; path = "UIViewController+YYAdd.m"; sourceTree = "<group>"; };
		5884C01A1B2ECDBF00568265 /* MBProgressHUD+YYAdd.h */ = {isa = PBXFileReference; fileEncoding = 4; lastKnownFileType = sourcecode.c.h; path = "MBProgressHUD+YYAdd.h"; sourceTree = "<group>"; };
		5884C01B1B2ECDBF00568265 /* MBProgressHUD+YYAdd.m */ = {isa = PBXFileReference; fileEncoding = 4; lastKnownFileType = sourcecode.c.objc; path = "MBProgressHUD+YYAdd.m"; sourceTree = "<group>"; };
		5884C01C1B2ECDBF00568265 /* MBProgressHUD.bundle */ = {isa = PBXFileReference; lastKnownFileType = "wrapper.plug-in"; path = MBProgressHUD.bundle; sourceTree = "<group>"; };
		A21D6AB82127DC1B77A44FBC /* libPods.a */ = {isa = PBXFileReference; explicitFileType = archive.ar; includeInIndex = 0; path = libPods.a; sourceTree = BUILT_PRODUCTS_DIR; };
		FDC3CD5106B94709829F2104 /* Pods.debug.xcconfig */ = {isa = PBXFileReference; includeInIndex = 1; lastKnownFileType = text.xcconfig; name = Pods.debug.xcconfig; path = "Pods/Target Support Files/Pods/Pods.debug.xcconfig"; sourceTree = "<group>"; };
/* End PBXFileReference section */

/* Begin PBXFrameworksBuildPhase section */
		5884BF1A1B2EC57400568265 /* Frameworks */ = {
			isa = PBXFrameworksBuildPhase;
			buildActionMask = 2147483647;
			files = (
				654C069998BF8854D88FF633 /* libPods.a in Frameworks */,
			);
			runOnlyForDeploymentPostprocessing = 0;
		};
		5884BF331B2EC57400568265 /* Frameworks */ = {
			isa = PBXFrameworksBuildPhase;
			buildActionMask = 2147483647;
			files = (
			);
			runOnlyForDeploymentPostprocessing = 0;
		};
/* End PBXFrameworksBuildPhase section */

/* Begin PBXGroup section */
		29E9C1ACDED158125CFE1FAE /* Frameworks */ = {
			isa = PBXGroup;
			children = (
				A21D6AB82127DC1B77A44FBC /* libPods.a */,
			);
			name = Frameworks;
			sourceTree = "<group>";
		};
		5884BF141B2EC57400568265 = {
			isa = PBXGroup;
			children = (
				5884BF461B2EC5C000568265 /* SDK */,
				5884BF1F1B2EC57400568265 /* MBALib */,
				5884BF391B2EC57400568265 /* MBALibTests */,
				5884BF1E1B2EC57400568265 /* Products */,
				A950A6FE29F55FB10F8AE847 /* Pods */,
				29E9C1ACDED158125CFE1FAE /* Frameworks */,
			);
			sourceTree = "<group>";
		};
		5884BF1E1B2EC57400568265 /* Products */ = {
			isa = PBXGroup;
			children = (
				5884BF1D1B2EC57400568265 /* MBALib.app */,
				5884BF361B2EC57400568265 /* MBALibTests.xctest */,
			);
			name = Products;
			sourceTree = "<group>";
		};
		5884BF1F1B2EC57400568265 /* MBALib */ = {
			isa = PBXGroup;
			children = (
				5884BF241B2EC57400568265 /* AppDelegate.h */,
				5884BF251B2EC57400568265 /* AppDelegate.m */,
				5884BF271B2EC57400568265 /* ViewController.h */,
				5884BF281B2EC57400568265 /* ViewController.m */,
				5884BF2A1B2EC57400568265 /* Main.storyboard */,
				5884BF2D1B2EC57400568265 /* Images.xcassets */,
				5884BF2F1B2EC57400568265 /* LaunchScreen.xib */,
				5884BF201B2EC57400568265 /* Supporting Files */,
			);
			path = MBALib;
			sourceTree = "<group>";
		};
		5884BF201B2EC57400568265 /* Supporting Files */ = {
			isa = PBXGroup;
			children = (
				5884BF211B2EC57400568265 /* Info.plist */,
				5884BF221B2EC57400568265 /* main.m */,
			);
			name = "Supporting Files";
			sourceTree = "<group>";
		};
		5884BF391B2EC57400568265 /* MBALibTests */ = {
			isa = PBXGroup;
			children = (
				5884BF3C1B2EC57400568265 /* MBALibTests.m */,
				5884BF3A1B2EC57400568265 /* Supporting Files */,
			);
			path = MBALibTests;
			sourceTree = "<group>";
		};
		5884BF3A1B2EC57400568265 /* Supporting Files */ = {
			isa = PBXGroup;
			children = (
				5884BF3B1B2EC57400568265 /* Info.plist */,
			);
			name = "Supporting Files";
			sourceTree = "<group>";
		};
		5884BF461B2EC5C000568265 /* SDK */ = {
			isa = PBXGroup;
			children = (
				5884C0181B2ECDBF00568265 /* Third_Categories */,
				5884BF471B2EC5C000568265 /* Define */,
				5884BF4B1B2EC5C000568265 /* Foundation_Categories */,
				5884BFA91B2EC5C000568265 /* UIKit_Categories */,
			);
			path = SDK;
			sourceTree = "<group>";
		};
		5884BF471B2EC5C000568265 /* Define */ = {
			isa = PBXGroup;
			children = (
				5884BF481B2EC5C000568265 /* Singleton.h */,
				5884BF491B2EC5C000568265 /* YYKit.h */,
				5884BF4A1B2EC5C000568265 /* YYKitMacro.h */,
			);
			path = Define;
			sourceTree = "<group>";
		};
		5884BF4B1B2EC5C000568265 /* Foundation_Categories */ = {
			isa = PBXGroup;
			children = (
				5884BF4C1B2EC5C000568265 /* CAAnimation */,
				5884BF511B2EC5C000568265 /* EasingAnimation */,
				5884BF561B2EC5C000568265 /* ExceptionHelper */,
				5884BF591B2EC5C000568265 /* FTAnimation */,
				5884BF601B2EC5C000568265 /* NSArray */,
				5884BF671B2EC5C000568265 /* NSData */,
				5884BF6A1B2EC5C000568265 /* NSDate */,
				5884BF6F1B2EC5C000568265 /* NSDictionary */,
				5884BF761B2EC5C000568265 /* NSFileManager */,
				5884BF791B2EC5C000568265 /* NSIndexSet */,
				5884BF7E1B2EC5C000568265 /* NSInvocation */,
				5884BF811B2EC5C000568265 /* NSNotificationCenter */,
				5884BF841B2EC5C000568265 /* NSNumber */,
				5884BF871B2EC5C000568265 /* NSObject */,
				5884BF921B2EC5C000568265 /* NSOrderedSet */,
				5884BF971B2EC5C000568265 /* NSSet */,
				5884BF9C1B2EC5C000568265 /* NSString */,
				5884BFA31B2EC5C000568265 /* NSTimer */,
				5884BFA61B2EC5C000568265 /* NSURL */,
			);
			path = Foundation_Categories;
			sourceTree = "<group>";
		};
		5884BF4C1B2EC5C000568265 /* CAAnimation */ = {
			isa = PBXGroup;
			children = (
				5884BF4D1B2EC5C000568265 /* CAAnimation+YYAdd.h */,
				5884BF4E1B2EC5C000568265 /* CAAnimation+YYAdd.m */,
				5884BF4F1B2EC5C000568265 /* SKBounceAnimation.h */,
				5884BF501B2EC5C000568265 /* SKBounceAnimation.m */,
			);
			path = CAAnimation;
			sourceTree = "<group>";
		};
		5884BF511B2EC5C000568265 /* EasingAnimation */ = {
			isa = PBXGroup;
			children = (
				5884BF521B2EC5C000568265 /* EasingFunctions.h */,
				5884BF531B2EC5C000568265 /* EasingFunctions.m */,
				5884BF541B2EC5C000568265 /* UIView+EasingFunctions.h */,
				5884BF551B2EC5C000568265 /* UIView+EasingFunctions.m */,
			);
			path = EasingAnimation;
			sourceTree = "<group>";
		};
		5884BF561B2EC5C000568265 /* ExceptionHelper */ = {
			isa = PBXGroup;
			children = (
				5884BF571B2EC5C000568265 /* ExceptionHelper.h */,
				5884BF581B2EC5C000568265 /* ExceptionHelper.m */,
			);
			path = ExceptionHelper;
			sourceTree = "<group>";
		};
		5884BF591B2EC5C000568265 /* FTAnimation */ = {
			isa = PBXGroup;
			children = (
				5884BF5A1B2EC5C000568265 /* FTAnimation+UIView.h */,
				5884BF5B1B2EC5C000568265 /* FTAnimation+UIView.m */,
				5884BF5C1B2EC5C000568265 /* FTAnimationManager.h */,
				5884BF5D1B2EC5C000568265 /* FTAnimationManager.m */,
				5884BF5E1B2EC5C000568265 /* FTUtils+NSObject.h */,
				5884BF5F1B2EC5C000568265 /* FTUtils+NSObject.m */,
			);
			path = FTAnimation;
			sourceTree = "<group>";
		};
		5884BF601B2EC5C000568265 /* NSArray */ = {
			isa = PBXGroup;
			children = (
				5884BF611B2EC5C000568265 /* NSArray+Helper.h */,
				5884BF621B2EC5C000568265 /* NSArray+Helper.m */,
				5884BF631B2EC5C000568265 /* NSArray+YYAdd.h */,
				5884BF641B2EC5C000568265 /* NSArray+YYAdd.m */,
				5884BF651B2EC5C000568265 /* NSMutableArray+Helper.h */,
				5884BF661B2EC5C000568265 /* NSMutableArray+Helper.m */,
			);
			path = NSArray;
			sourceTree = "<group>";
		};
		5884BF671B2EC5C000568265 /* NSData */ = {
			isa = PBXGroup;
			children = (
				5884BF681B2EC5C000568265 /* NSData+YYAdd.h */,
				5884BF691B2EC5C000568265 /* NSData+YYAdd.m */,
			);
			path = NSData;
			sourceTree = "<group>";
		};
		5884BF6A1B2EC5C000568265 /* NSDate */ = {
			isa = PBXGroup;
			children = (
				5884BF6B1B2EC5C000568265 /* NSDate+Helper.h */,
				5884BF6C1B2EC5C000568265 /* NSDate+Helper.m */,
				5884BF6D1B2EC5C000568265 /* NSDate+YYAdd.h */,
				5884BF6E1B2EC5C000568265 /* NSDate+YYAdd.m */,
			);
			path = NSDate;
			sourceTree = "<group>";
		};
		5884BF6F1B2EC5C000568265 /* NSDictionary */ = {
			isa = PBXGroup;
			children = (
				5884BF701B2EC5C000568265 /* NSDictionary+Helper.h */,
				5884BF711B2EC5C000568265 /* NSDictionary+Helper.m */,
				5884BF721B2EC5C000568265 /* NSDictionary+YYAdd.h */,
				5884BF731B2EC5C000568265 /* NSDictionary+YYAdd.m */,
				5884BF741B2EC5C000568265 /* NSMutableDictionary+Helper.h */,
				5884BF751B2EC5C000568265 /* NSMutableDictionary+Helper.m */,
			);
			path = NSDictionary;
			sourceTree = "<group>";
		};
		5884BF761B2EC5C000568265 /* NSFileManager */ = {
			isa = PBXGroup;
			children = (
				5884BF771B2EC5C000568265 /* NSFileManager+YYAdd.h */,
				5884BF781B2EC5C000568265 /* NSFileManager+YYAdd.m */,
			);
			path = NSFileManager;
			sourceTree = "<group>";
		};
		5884BF791B2EC5C000568265 /* NSIndexSet */ = {
			isa = PBXGroup;
			children = (
				5884BF7A1B2EC5C000568265 /* NSIndexSet+Helper.h */,
				5884BF7B1B2EC5C000568265 /* NSIndexSet+Helper.m */,
				5884BF7C1B2EC5C000568265 /* NSMutableIndexSet+Helper.h */,
				5884BF7D1B2EC5C000568265 /* NSMutableIndexSet+Helper.m */,
			);
			path = NSIndexSet;
			sourceTree = "<group>";
		};
		5884BF7E1B2EC5C000568265 /* NSInvocation */ = {
			isa = PBXGroup;
			children = (
				5884BF7F1B2EC5C000568265 /* NSInvocation+Helper.h */,
				5884BF801B2EC5C000568265 /* NSInvocation+Helper.m */,
			);
			path = NSInvocation;
			sourceTree = "<group>";
		};
		5884BF811B2EC5C000568265 /* NSNotificationCenter */ = {
			isa = PBXGroup;
			children = (
				5884BF821B2EC5C000568265 /* NSNotificationCenter+YYAdd.h */,
				5884BF831B2EC5C000568265 /* NSNotificationCenter+YYAdd.m */,
			);
			path = NSNotificationCenter;
			sourceTree = "<group>";
		};
		5884BF841B2EC5C000568265 /* NSNumber */ = {
			isa = PBXGroup;
			children = (
				5884BF851B2EC5C000568265 /* NSNumber+YYAdd.h */,
				5884BF861B2EC5C000568265 /* NSNumber+YYAdd.m */,
			);
			path = NSNumber;
			sourceTree = "<group>";
		};
		5884BF871B2EC5C000568265 /* NSObject */ = {
			isa = PBXGroup;
			children = (
				5884BF881B2EC5C000568265 /* NSObject+AssociatedHelper.h */,
				5884BF891B2EC5C000568265 /* NSObject+AssociatedHelper.m */,
				5884BF8A1B2EC5C000568265 /* NSObject+ExecutionHelper.h */,
				5884BF8B1B2EC5C000568265 /* NSObject+ExecutionHelper.m */,
				5884BF8C1B2EC5C000568265 /* NSObject+LogDealloc.h */,
				5884BF8D1B2EC5C000568265 /* NSObject+LogDealloc.m */,
				5884BF8E1B2EC5C000568265 /* NSObject+ObservationHelper.h */,
				5884BF8F1B2EC5C000568265 /* NSObject+ObservationHelper.m */,
				5884BF901B2EC5C000568265 /* NSObject+YYAdd.h */,
				5884BF911B2EC5C000568265 /* NSObject+YYAdd.m */,
			);
			path = NSObject;
			sourceTree = "<group>";
		};
		5884BF921B2EC5C000568265 /* NSOrderedSet */ = {
			isa = PBXGroup;
			children = (
				5884BF931B2EC5C000568265 /* NSMutableOrderedSet+Helper.h */,
				5884BF941B2EC5C000568265 /* NSMutableOrderedSet+Helper.m */,
				5884BF951B2EC5C000568265 /* NSOrderedSet+Helper.h */,
				5884BF961B2EC5C000568265 /* NSOrderedSet+Helper.m */,
			);
			path = NSOrderedSet;
			sourceTree = "<group>";
		};
		5884BF971B2EC5C000568265 /* NSSet */ = {
			isa = PBXGroup;
			children = (
				5884BF981B2EC5C000568265 /* NSMutableSet+Helper.h */,
				5884BF991B2EC5C000568265 /* NSMutableSet+Helper.m */,
				5884BF9A1B2EC5C000568265 /* NSSet+YYAdd.h */,
				5884BF9B1B2EC5C000568265 /* NSSet+YYAdd.m */,
			);
			path = NSSet;
			sourceTree = "<group>";
		};
		5884BF9C1B2EC5C000568265 /* NSString */ = {
			isa = PBXGroup;
			children = (
				5884BF9D1B2EC5C000568265 /* NSString+DataDetector.h */,
				5884BF9E1B2EC5C000568265 /* NSString+DataDetector.m */,
				5884BF9F1B2EC5C000568265 /* NSString+Helper.h */,
				5884BFA01B2EC5C000568265 /* NSString+Helper.m */,
				5884BFA11B2EC5C000568265 /* NSString+YYAdd.h */,
				5884BFA21B2EC5C000568265 /* NSString+YYAdd.m */,
			);
			path = NSString;
			sourceTree = "<group>";
		};
		5884BFA31B2EC5C000568265 /* NSTimer */ = {
			isa = PBXGroup;
			children = (
				5884BFA41B2EC5C000568265 /* NSTimer+YYAdd.h */,
				5884BFA51B2EC5C000568265 /* NSTimer+YYAdd.m */,
			);
			path = NSTimer;
			sourceTree = "<group>";
		};
		5884BFA61B2EC5C000568265 /* NSURL */ = {
			isa = PBXGroup;
			children = (
				5884BFA71B2EC5C000568265 /* NSURL+YYAdd.h */,
				5884BFA81B2EC5C000568265 /* NSURL+YYAdd.m */,
			);
			path = NSURL;
			sourceTree = "<group>";
		};
		5884BFA91B2EC5C000568265 /* UIKit_Categories */ = {
			isa = PBXGroup;
			children = (
				5884BFAA1B2EC5C000568265 /* Common */,
				5884BFAD1B2EC5C000568265 /* UIActionSheet */,
				5884BFB01B2EC5C000568265 /* UIAlertView */,
				5884BFB31B2EC5C000568265 /* UIApplication */,
				5884BFB61B2EC5C000568265 /* UIBarButtonItem */,
				5884BFB91B2EC5C000568265 /* UIColor */,
				5884BFBD1B2EC5C000568265 /* UIControl */,
				5884BFC01B2EC5C000568265 /* UIDevice */,
				5884BFC31B2EC5C000568265 /* UIGestureRecognizer */,
				5884BFC61B2EC5C000568265 /* UIImage */,
				5884BFC91B2EC5C000568265 /* UILabel */,
				5884BFCC1B2EC5C000568265 /* UIScreen */,
				5884BFCF1B2EC5C000568265 /* UIScrollView */,
				5884BFD21B2EC5C000568265 /* UITableView */,
				5884BFD51B2EC5C000568265 /* UIView */,
				5884BFDA1B2EC5C000568265 /* UIViewController */,
			);
			path = UIKit_Categories;
			sourceTree = "<group>";
		};
		5884BFAA1B2EC5C000568265 /* Common */ = {
			isa = PBXGroup;
			children = (
				5884BFAB1B2EC5C000568265 /* ALActionBlockWrapper.h */,
				5884BFAC1B2EC5C000568265 /* ALActionBlockWrapper.m */,
			);
			path = Common;
			sourceTree = "<group>";
		};
		5884BFAD1B2EC5C000568265 /* UIActionSheet */ = {
			isa = PBXGroup;
			children = (
				5884BFAE1B2EC5C000568265 /* UIActionSheet+YYAdd.h */,
				5884BFAF1B2EC5C000568265 /* UIActionSheet+YYAdd.m */,
			);
			path = UIActionSheet;
			sourceTree = "<group>";
		};
		5884BFB01B2EC5C000568265 /* UIAlertView */ = {
			isa = PBXGroup;
			children = (
				5884BFB11B2EC5C000568265 /* UIAlertView+YYAdd.h */,
				5884BFB21B2EC5C000568265 /* UIAlertView+YYAdd.m */,
			);
			path = UIAlertView;
			sourceTree = "<group>";
		};
		5884BFB31B2EC5C000568265 /* UIApplication */ = {
			isa = PBXGroup;
			children = (
				5884BFB41B2EC5C000568265 /* UIApplication+YYAdd.h */,
				5884BFB51B2EC5C000568265 /* UIApplication+YYAdd.m */,
			);
			path = UIApplication;
			sourceTree = "<group>";
		};
		5884BFB61B2EC5C000568265 /* UIBarButtonItem */ = {
			isa = PBXGroup;
			children = (
				5884BFB71B2EC5C000568265 /* UIBarButtonItem+YYAdd.h */,
				5884BFB81B2EC5C000568265 /* UIBarButtonItem+YYAdd.m */,
			);
			path = UIBarButtonItem;
			sourceTree = "<group>";
		};
		5884BFB91B2EC5C000568265 /* UIColor */ = {
			isa = PBXGroup;
			children = (
				5884BFBA1B2EC5C000568265 /* GColor.bundle */,
				5884BFBB1B2EC5C000568265 /* UIColor+YYAdd.h */,
				5884BFBC1B2EC5C000568265 /* UIColor+YYAdd.m */,
			);
			path = UIColor;
			sourceTree = "<group>";
		};
		5884BFBD1B2EC5C000568265 /* UIControl */ = {
			isa = PBXGroup;
			children = (
				5884BFBE1B2EC5C000568265 /* UIControl+YYAdd.h */,
				5884BFBF1B2EC5C000568265 /* UIControl+YYAdd.m */,
			);
			path = UIControl;
			sourceTree = "<group>";
		};
		5884BFC01B2EC5C000568265 /* UIDevice */ = {
			isa = PBXGroup;
			children = (
				5884BFC11B2EC5C000568265 /* UIDevice+YYAdd.h */,
				5884BFC21B2EC5C000568265 /* UIDevice+YYAdd.m */,
			);
			path = UIDevice;
			sourceTree = "<group>";
		};
		5884BFC31B2EC5C000568265 /* UIGestureRecognizer */ = {
			isa = PBXGroup;
			children = (
				5884BFC41B2EC5C000568265 /* UIGestureRecognizer+YYAdd.h */,
				5884BFC51B2EC5C000568265 /* UIGestureRecognizer+YYAdd.m */,
			);
			path = UIGestureRecognizer;
			sourceTree = "<group>";
		};
		5884BFC61B2EC5C000568265 /* UIImage */ = {
			isa = PBXGroup;
			children = (
				5884BFC71B2EC5C000568265 /* UIImage+YYAdd.h */,
				5884BFC81B2EC5C000568265 /* UIImage+YYAdd.m */,
			);
			path = UIImage;
			sourceTree = "<group>";
		};
		5884BFC91B2EC5C000568265 /* UILabel */ = {
			isa = PBXGroup;
			children = (
				5884BFCA1B2EC5C000568265 /* UILabel+YYAdd.h */,
				5884BFCB1B2EC5C000568265 /* UILabel+YYAdd.m */,
			);
			path = UILabel;
			sourceTree = "<group>";
		};
		5884BFCC1B2EC5C000568265 /* UIScreen */ = {
			isa = PBXGroup;
			children = (
				5884BFCD1B2EC5C000568265 /* UIScreen+YYAdd.h */,
				5884BFCE1B2EC5C000568265 /* UIScreen+YYAdd.m */,
			);
			path = UIScreen;
			sourceTree = "<group>";
		};
		5884BFCF1B2EC5C000568265 /* UIScrollView */ = {
			isa = PBXGroup;
			children = (
				5884BFD01B2EC5C000568265 /* UIScrollView+YYAdd.h */,
				5884BFD11B2EC5C000568265 /* UIScrollView+YYAdd.m */,
			);
			path = UIScrollView;
			sourceTree = "<group>";
		};
		5884BFD21B2EC5C000568265 /* UITableView */ = {
			isa = PBXGroup;
			children = (
				5884BFD31B2EC5C000568265 /* UITableView+YYAdd.h */,
				5884BFD41B2EC5C000568265 /* UITableView+YYAdd.m */,
			);
			path = UITableView;
			sourceTree = "<group>";
		};
		5884BFD51B2EC5C000568265 /* UIView */ = {
			isa = PBXGroup;
			children = (
				5884BFD61B2EC5C000568265 /* UIView+ActionHandlers.h */,
				5884BFD71B2EC5C000568265 /* UIView+ActionHandlers.m */,
				5884BFD81B2EC5C000568265 /* UIView+YYAdd.h */,
				5884BFD91B2EC5C000568265 /* UIView+YYAdd.m */,
			);
			path = UIView;
			sourceTree = "<group>";
		};
		5884BFDA1B2EC5C000568265 /* UIViewController */ = {
			isa = PBXGroup;
			children = (
				5884BFDB1B2EC5C000568265 /* UIViewController+YYAdd.h */,
				5884BFDC1B2EC5C000568265 /* UIViewController+YYAdd.m */,
			);
			path = UIViewController;
			sourceTree = "<group>";
		};
		5884C0181B2ECDBF00568265 /* Third_Categories */ = {
			isa = PBXGroup;
			children = (
				5884C0191B2ECDBF00568265 /* MBProgressHUD */,
			);
			path = Third_Categories;
			sourceTree = "<group>";
		};
		5884C0191B2ECDBF00568265 /* MBProgressHUD */ = {
			isa = PBXGroup;
			children = (
				5884C01A1B2ECDBF00568265 /* MBProgressHUD+YYAdd.h */,
				5884C01B1B2ECDBF00568265 /* MBProgressHUD+YYAdd.m */,
				5884C01C1B2ECDBF00568265 /* MBProgressHUD.bundle */,
			);
			path = MBProgressHUD;
			sourceTree = "<group>";
		};
		A950A6FE29F55FB10F8AE847 /* Pods */ = {
			isa = PBXGroup;
			children = (
				FDC3CD5106B94709829F2104 /* Pods.debug.xcconfig */,
				3CDD28AFBE80E9A0CA8D6B8A /* Pods.release.xcconfig */,
			);
			name = Pods;
			sourceTree = "<group>";
		};
/* End PBXGroup section */

/* Begin PBXNativeTarget section */
		5884BF1C1B2EC57400568265 /* MBALib */ = {
			isa = PBXNativeTarget;
			buildConfigurationList = 5884BF401B2EC57400568265 /* Build configuration list for PBXNativeTarget "MBALib" */;
			buildPhases = (
				BEE7F3E08AA4EA8EE8D91C2F /* Check Pods Manifest.lock */,
				5884BF191B2EC57400568265 /* Sources */,
				5884BF1A1B2EC57400568265 /* Frameworks */,
				5884BF1B1B2EC57400568265 /* Resources */,
				04A87454827F3540300B3A70 /* Copy Pods Resources */,
			);
			buildRules = (
			);
			dependencies = (
			);
			name = MBALib;
			productName = MBALib;
			productReference = 5884BF1D1B2EC57400568265 /* MBALib.app */;
			productType = "com.apple.product-type.application";
		};
		5884BF351B2EC57400568265 /* MBALibTests */ = {
			isa = PBXNativeTarget;
			buildConfigurationList = 5884BF431B2EC57400568265 /* Build configuration list for PBXNativeTarget "MBALibTests" */;
			buildPhases = (
				5884BF321B2EC57400568265 /* Sources */,
				5884BF331B2EC57400568265 /* Frameworks */,
				5884BF341B2EC57400568265 /* Resources */,
			);
			buildRules = (
			);
			dependencies = (
				5884BF381B2EC57400568265 /* PBXTargetDependency */,
			);
			name = MBALibTests;
			productName = MBALibTests;
			productReference = 5884BF361B2EC57400568265 /* MBALibTests.xctest */;
			productType = "com.apple.product-type.bundle.unit-test";
		};
/* End PBXNativeTarget section */

/* Begin PBXProject section */
		5884BF151B2EC57400568265 /* Project object */ = {
			isa = PBXProject;
			attributes = {
				LastUpgradeCheck = 0630;
				ORGANIZATIONNAME = zhoumin;
				TargetAttributes = {
					5884BF1C1B2EC57400568265 = {
						CreatedOnToolsVersion = 6.3.2;
					};
					5884BF351B2EC57400568265 = {
						CreatedOnToolsVersion = 6.3.2;
						TestTargetID = 5884BF1C1B2EC57400568265;
					};
				};
			};
			buildConfigurationList = 5884BF181B2EC57400568265 /* Build configuration list for PBXProject "MBALib" */;
			compatibilityVersion = "Xcode 3.2";
			developmentRegion = English;
			hasScannedForEncodings = 0;
			knownRegions = (
				en,
				Base,
			);
			mainGroup = 5884BF141B2EC57400568265;
			productRefGroup = 5884BF1E1B2EC57400568265 /* Products */;
			projectDirPath = "";
			projectRoot = "";
			targets = (
				5884BF1C1B2EC57400568265 /* MBALib */,
				5884BF351B2EC57400568265 /* MBALibTests */,
			);
		};
/* End PBXProject section */

/* Begin PBXResourcesBuildPhase section */
		5884BF1B1B2EC57400568265 /* Resources */ = {
			isa = PBXResourcesBuildPhase;
			buildActionMask = 2147483647;
			files = (
				5884BF2C1B2EC57400568265 /* Main.storyboard in Resources */,
				5884BF311B2EC57400568265 /* LaunchScreen.xib in Resources */,
				5884C01E1B2ECDBF00568265 /* MBProgressHUD.bundle in Resources */,
				5884BF2E1B2EC57400568265 /* Images.xcassets in Resources */,
				5884C0071B2EC5C000568265 /* GColor.bundle in Resources */,
			);
			runOnlyForDeploymentPostprocessing = 0;
		};
		5884BF341B2EC57400568265 /* Resources */ = {
			isa = PBXResourcesBuildPhase;
			buildActionMask = 2147483647;
			files = (
			);
			runOnlyForDeploymentPostprocessing = 0;
		};
/* End PBXResourcesBuildPhase section */

/* Begin PBXShellScriptBuildPhase section */
		04A87454827F3540300B3A70 /* Copy Pods Resources */ = {
			isa = PBXShellScriptBuildPhase;
			buildActionMask = 2147483647;
			files = (
			);
			inputPaths = (
			);
			name = "Copy Pods Resources";
			outputPaths = (
			);
			runOnlyForDeploymentPostprocessing = 0;
			shellPath = /bin/sh;
			shellScript = "\"${SRCROOT}/Pods/Target Support Files/Pods/Pods-resources.sh\"\n";
			showEnvVarsInLog = 0;
		};
		BEE7F3E08AA4EA8EE8D91C2F /* Check Pods Manifest.lock */ = {
			isa = PBXShellScriptBuildPhase;
			buildActionMask = 2147483647;
			files = (
			);
			inputPaths = (
			);
			name = "Check Pods Manifest.lock";
			outputPaths = (
			);
			runOnlyForDeploymentPostprocessing = 0;
			shellPath = /bin/sh;
			shellScript = "diff \"${PODS_ROOT}/../Podfile.lock\" \"${PODS_ROOT}/Manifest.lock\" > /dev/null\nif [[ $? != 0 ]] ; then\n    cat << EOM\nerror: The sandbox is not in sync with the Podfile.lock. Run 'pod install' or update your CocoaPods installation.\nEOM\n    exit 1\nfi\n";
			showEnvVarsInLog = 0;
		};
/* End PBXShellScriptBuildPhase section */

/* Begin PBXSourcesBuildPhase section */
		5884BF191B2EC57400568265 /* Sources */ = {
			isa = PBXSourcesBuildPhase;
			buildActionMask = 2147483647;
			files = (
				5884BFE61B2EC5C000568265 /* NSArray+YYAdd.m in Sources */,
				5884BFDD1B2EC5C000568265 /* CAAnimation+YYAdd.m in Sources */,
				5884BFF01B2EC5C000568265 /* NSMutableIndexSet+Helper.m in Sources */,
				5884C00E1B2EC5C000568265 /* UIScreen+YYAdd.m in Sources */,
				5884C0131B2EC5C000568265 /* UIViewController+YYAdd.m in Sources */,
				5884BF291B2EC57400568265 /* ViewController.m in Sources */,
				5884C0101B2EC5C000568265 /* UITableView+YYAdd.m in Sources */,
				5884C0001B2EC5C000568265 /* NSTimer+YYAdd.m in Sources */,
				5884BFEC1B2EC5C000568265 /* NSDictionary+YYAdd.m in Sources */,
				5884C0121B2EC5C000568265 /* UIView+YYAdd.m in Sources */,
				5884BFFF1B2EC5C000568265 /* NSString+YYAdd.m in Sources */,
				5884BFE51B2EC5C000568265 /* NSArray+Helper.m in Sources */,
				5884C0041B2EC5C000568265 /* UIAlertView+YYAdd.m in Sources */,
				5884BFF71B2EC5C000568265 /* NSObject+ObservationHelper.m in Sources */,
				5884BFE91B2EC5C000568265 /* NSDate+Helper.m in Sources */,
				5884C0011B2EC5C000568265 /* NSURL+YYAdd.m in Sources */,
				5884BFE31B2EC5C000568265 /* FTAnimationManager.m in Sources */,
				5884BFEB1B2EC5C000568265 /* NSDictionary+Helper.m in Sources */,
				5884BFE81B2EC5C000568265 /* NSData+YYAdd.m in Sources */,
				5884BF261B2EC57400568265 /* AppDelegate.m in Sources */,
				5884BFEF1B2EC5C000568265 /* NSIndexSet+Helper.m in Sources */,
				5884BFE11B2EC5C000568265 /* ExceptionHelper.m in Sources */,
				5884BFE01B2EC5C000568265 /* UIView+EasingFunctions.m in Sources */,
				5884C0091B2EC5C000568265 /* UIControl+YYAdd.m in Sources */,
				5884C0081B2EC5C000568265 /* UIColor+YYAdd.m in Sources */,
				5884BFFE1B2EC5C000568265 /* NSString+Helper.m in Sources */,
				5884C0111B2EC5C000568265 /* UIView+ActionHandlers.m in Sources */,
				5884BFFA1B2EC5C000568265 /* NSOrderedSet+Helper.m in Sources */,
				5884BFF11B2EC5C000568265 /* NSInvocation+Helper.m in Sources */,
				5884BFE21B2EC5C000568265 /* FTAnimation+UIView.m in Sources */,
				5884BFEE1B2EC5C000568265 /* NSFileManager+YYAdd.m in Sources */,
				5884BFDE1B2EC5C000568265 /* SKBounceAnimation.m in Sources */,
				5884BFF41B2EC5C000568265 /* NSObject+AssociatedHelper.m in Sources */,
				5884C00F1B2EC5C000568265 /* UIScrollView+YYAdd.m in Sources */,
				5884C0031B2EC5C000568265 /* UIActionSheet+YYAdd.m in Sources */,
				5884C00C1B2EC5C000568265 /* UIImage+YYAdd.m in Sources */,
				5884C0061B2EC5C000568265 /* UIBarButtonItem+YYAdd.m in Sources */,
				5884BFFD1B2EC5C000568265 /* NSString+DataDetector.m in Sources */,
				5884BFE41B2EC5C000568265 /* FTUtils+NSObject.m in Sources */,
				5884C00B1B2EC5C000568265 /* UIGestureRecognizer+YYAdd.m in Sources */,
				5884BFF31B2EC5C000568265 /* NSNumber+YYAdd.m in Sources */,
				5884BFED1B2EC5C000568265 /* NSMutableDictionary+Helper.m in Sources */,
				5884BFF61B2EC5C000568265 /* NSObject+LogDealloc.m in Sources */,
				5884BFE71B2EC5C000568265 /* NSMutableArray+Helper.m in Sources */,
				5884BFFB1B2EC5C000568265 /* NSMutableSet+Helper.m in Sources */,
				5884BFDF1B2EC5C000568265 /* EasingFunctions.m in Sources */,
				5884C0021B2EC5C000568265 /* ALActionBlockWrapper.m in Sources */,
				5884BFF81B2EC5C000568265 /* NSObject+YYAdd.m in Sources */,
				5884BFF51B2EC5C000568265 /* NSObject+ExecutionHelper.m in Sources */,
				5884C00D1B2EC5C000568265 /* UILabel+YYAdd.m in Sources */,
				5884BFF21B2EC5C000568265 /* NSNotificationCenter+YYAdd.m in Sources */,
				5884BFEA1B2EC5C000568265 /* NSDate+YYAdd.m in Sources */,
				5884C0051B2EC5C000568265 /* UIApplication+YYAdd.m in Sources */,
				5884BFF91B2EC5C000568265 /* NSMutableOrderedSet+Helper.m in Sources */,
				5884BFFC1B2EC5C000568265 /* NSSet+YYAdd.m in Sources */,
				5884BF231B2EC57400568265 /* main.m in Sources */,
				5884C00A1B2EC5C000568265 /* UIDevice+YYAdd.m in Sources */,
				5884C01D1B2ECDBF00568265 /* MBProgressHUD+YYAdd.m in Sources */,
			);
			runOnlyForDeploymentPostprocessing = 0;
		};
		5884BF321B2EC57400568265 /* Sources */ = {
			isa = PBXSourcesBuildPhase;
			buildActionMask = 2147483647;
			files = (
				5884BF3D1B2EC57400568265 /* MBALibTests.m in Sources */,
			);
			runOnlyForDeploymentPostprocessing = 0;
		};
/* End PBXSourcesBuildPhase section */

/* Begin PBXTargetDependency section */
		5884BF381B2EC57400568265 /* PBXTargetDependency */ = {
			isa = PBXTargetDependency;
			target = 5884BF1C1B2EC57400568265 /* MBALib */;
			targetProxy = 5884BF371B2EC57400568265 /* PBXContainerItemProxy */;
		};
/* End PBXTargetDependency section */

/* Begin PBXVariantGroup section */
		5884BF2A1B2EC57400568265 /* Main.storyboard */ = {
			isa = PBXVariantGroup;
			children = (
				5884BF2B1B2EC57400568265 /* Base */,
			);
			name = Main.storyboard;
			sourceTree = "<group>";
		};
		5884BF2F1B2EC57400568265 /* LaunchScreen.xib */ = {
			isa = PBXVariantGroup;
			children = (
				5884BF301B2EC57400568265 /* Base */,
			);
			name = LaunchScreen.xib;
			sourceTree = "<group>";
		};
/* End PBXVariantGroup section */

/* Begin XCBuildConfiguration section */
		5884BF3E1B2EC57400568265 /* Debug */ = {
			isa = XCBuildConfiguration;
			buildSettings = {
				ALWAYS_SEARCH_USER_PATHS = NO;
				CLANG_CXX_LANGUAGE_STANDARD = "gnu++0x";
				CLANG_CXX_LIBRARY = "libc++";
				CLANG_ENABLE_MODULES = YES;
				CLANG_ENABLE_OBJC_ARC = YES;
				CLANG_WARN_BOOL_CONVERSION = YES;
				CLANG_WARN_CONSTANT_CONVERSION = YES;
				CLANG_WARN_DIRECT_OBJC_ISA_USAGE = YES_ERROR;
				CLANG_WARN_EMPTY_BODY = YES;
				CLANG_WARN_ENUM_CONVERSION = YES;
				CLANG_WARN_INT_CONVERSION = YES;
				CLANG_WARN_OBJC_ROOT_CLASS = YES_ERROR;
				CLANG_WARN_UNREACHABLE_CODE = YES;
				CLANG_WARN__DUPLICATE_METHOD_MATCH = YES;
				"CODE_SIGN_IDENTITY[sdk=iphoneos*]" = "iPhone Developer";
				COPY_PHASE_STRIP = NO;
				DEBUG_INFORMATION_FORMAT = "dwarf-with-dsym";
				ENABLE_STRICT_OBJC_MSGSEND = YES;
				GCC_C_LANGUAGE_STANDARD = gnu99;
				GCC_DYNAMIC_NO_PIC = NO;
				GCC_NO_COMMON_BLOCKS = YES;
				GCC_OPTIMIZATION_LEVEL = 0;
				GCC_PREPROCESSOR_DEFINITIONS = (
					"DEBUG=1",
					"$(inherited)",
				);
				GCC_SYMBOLS_PRIVATE_EXTERN = NO;
				GCC_WARN_64_TO_32_BIT_CONVERSION = YES;
				GCC_WARN_ABOUT_RETURN_TYPE = YES_ERROR;
				GCC_WARN_UNDECLARED_SELECTOR = YES;
				GCC_WARN_UNINITIALIZED_AUTOS = YES_AGGRESSIVE;
				GCC_WARN_UNUSED_FUNCTION = YES;
				GCC_WARN_UNUSED_VARIABLE = YES;
				IPHONEOS_DEPLOYMENT_TARGET = 8.3;
				MTL_ENABLE_DEBUG_INFO = YES;
				ONLY_ACTIVE_ARCH = YES;
				SDKROOT = iphoneos;
				TARGETED_DEVICE_FAMILY = "1,2";
			};
			name = Debug;
		};
		5884BF3F1B2EC57400568265 /* Release */ = {
			isa = XCBuildConfiguration;
			buildSettings = {
				ALWAYS_SEARCH_USER_PATHS = NO;
				CLANG_CXX_LANGUAGE_STANDARD = "gnu++0x";
				CLANG_CXX_LIBRARY = "libc++";
				CLANG_ENABLE_MODULES = YES;
				CLANG_ENABLE_OBJC_ARC = YES;
				CLANG_WARN_BOOL_CONVERSION = YES;
				CLANG_WARN_CONSTANT_CONVERSION = YES;
				CLANG_WARN_DIRECT_OBJC_ISA_USAGE = YES_ERROR;
				CLANG_WARN_EMPTY_BODY = YES;
				CLANG_WARN_ENUM_CONVERSION = YES;
				CLANG_WARN_INT_CONVERSION = YES;
				CLANG_WARN_OBJC_ROOT_CLASS = YES_ERROR;
				CLANG_WARN_UNREACHABLE_CODE = YES;
				CLANG_WARN__DUPLICATE_METHOD_MATCH = YES;
				"CODE_SIGN_IDENTITY[sdk=iphoneos*]" = "iPhone Developer";
				COPY_PHASE_STRIP = NO;
				DEBUG_INFORMATION_FORMAT = "dwarf-with-dsym";
				ENABLE_NS_ASSERTIONS = NO;
				ENABLE_STRICT_OBJC_MSGSEND = YES;
				GCC_C_LANGUAGE_STANDARD = gnu99;
				GCC_NO_COMMON_BLOCKS = YES;
				GCC_WARN_64_TO_32_BIT_CONVERSION = YES;
				GCC_WARN_ABOUT_RETURN_TYPE = YES_ERROR;
				GCC_WARN_UNDECLARED_SELECTOR = YES;
				GCC_WARN_UNINITIALIZED_AUTOS = YES_AGGRESSIVE;
				GCC_WARN_UNUSED_FUNCTION = YES;
				GCC_WARN_UNUSED_VARIABLE = YES;
				IPHONEOS_DEPLOYMENT_TARGET = 8.3;
				MTL_ENABLE_DEBUG_INFO = NO;
				SDKROOT = iphoneos;
				TARGETED_DEVICE_FAMILY = "1,2";
				VALIDATE_PRODUCT = YES;
			};
			name = Release;
		};
		5884BF411B2EC57400568265 /* Debug */ = {
			isa = XCBuildConfiguration;
			baseConfigurationReference = FDC3CD5106B94709829F2104 /* Pods.debug.xcconfig */;
			buildSettings = {
				ASSETCATALOG_COMPILER_APPICON_NAME = AppIcon;
				INFOPLIST_FILE = MBALib/Info.plist;
				IPHONEOS_DEPLOYMENT_TARGET = 7.0;
				LD_RUNPATH_SEARCH_PATHS = "$(inherited) @executable_path/Frameworks";
				PRODUCT_NAME = "$(TARGET_NAME)";
			};
			name = Debug;
		};
		5884BF421B2EC57400568265 /* Release */ = {
			isa = XCBuildConfiguration;
			baseConfigurationReference = 3CDD28AFBE80E9A0CA8D6B8A /* Pods.release.xcconfig */;
			buildSettings = {
				ASSETCATALOG_COMPILER_APPICON_NAME = AppIcon;
				INFOPLIST_FILE = MBALib/Info.plist;
				IPHONEOS_DEPLOYMENT_TARGET = 7.0;
				LD_RUNPATH_SEARCH_PATHS = "$(inherited) @executable_path/Frameworks";
				PRODUCT_NAME = "$(TARGET_NAME)";
			};
			name = Release;
		};
		5884BF441B2EC57400568265 /* Debug */ = {
			isa = XCBuildConfiguration;
			buildSettings = {
				BUNDLE_LOADER = "$(TEST_HOST)";
				FRAMEWORK_SEARCH_PATHS = (
					"$(SDKROOT)/Developer/Library/Frameworks",
					"$(inherited)",
				);
				GCC_PREPROCESSOR_DEFINITIONS = (
					"DEBUG=1",
					"$(inherited)",
				);
				INFOPLIST_FILE = MBALibTests/Info.plist;
				LD_RUNPATH_SEARCH_PATHS = "$(inherited) @executable_path/Frameworks @loader_path/Frameworks";
				PRODUCT_NAME = "$(TARGET_NAME)";
				TEST_HOST = "$(BUILT_PRODUCTS_DIR)/MBALib.app/MBALib";
			};
			name = Debug;
		};
		5884BF451B2EC57400568265 /* Release */ = {
			isa = XCBuildConfiguration;
			buildSettings = {
				BUNDLE_LOADER = "$(TEST_HOST)";
				FRAMEWORK_SEARCH_PATHS = (
					"$(SDKROOT)/Developer/Library/Frameworks",
					"$(inherited)",
				);
				INFOPLIST_FILE = MBALibTests/Info.plist;
				LD_RUNPATH_SEARCH_PATHS = "$(inherited) @executable_path/Frameworks @loader_path/Frameworks";
				PRODUCT_NAME = "$(TARGET_NAME)";
				TEST_HOST = "$(BUILT_PRODUCTS_DIR)/MBALib.app/MBALib";
			};
			name = Release;
		};
/* End XCBuildConfiguration section */

/* Begin XCConfigurationList section */
		5884BF181B2EC57400568265 /* Build configuration list for PBXProject "MBALib" */ = {
			isa = XCConfigurationList;
			buildConfigurations = (
				5884BF3E1B2EC57400568265 /* Debug */,
				5884BF3F1B2EC57400568265 /* Release */,
			);
			defaultConfigurationIsVisible = 0;
			defaultConfigurationName = Release;
		};
		5884BF401B2EC57400568265 /* Build configuration list for PBXNativeTarget "MBALib" */ = {
			isa = XCConfigurationList;
			buildConfigurations = (
				5884BF411B2EC57400568265 /* Debug */,
				5884BF421B2EC57400568265 /* Release */,
			);
			defaultConfigurationIsVisible = 0;
			defaultConfigurationName = Release;
		};
		5884BF431B2EC57400568265 /* Build configuration list for PBXNativeTarget "MBALibTests" */ = {
			isa = XCConfigurationList;
			buildConfigurations = (
				5884BF441B2EC57400568265 /* Debug */,
				5884BF451B2EC57400568265 /* Release */,
			);
			defaultConfigurationIsVisible = 0;
			defaultConfigurationName = Release;
		};
/* End XCConfigurationList section */
	};
	rootObject = 5884BF151B2EC57400568265 /* Project object */;
}
